// !$*UTF8*$!
{
	archiveVersion = 1;
	classes = {
	};
	objectVersion = 56;
	objects = {

/* Begin PBXBuildFile section */
		630971432AE6BF4200A0714A /* CvCreateView.swift in Sources */ = {isa = PBXBuildFile; fileRef = 630971422AE6BF4200A0714A /* CvCreateView.swift */; };
		630971452AE6BFA300A0714A /* CvMainView.swift in Sources */ = {isa = PBXBuildFile; fileRef = 630971442AE6BFA300A0714A /* CvMainView.swift */; };
		630971482AE6BFEA00A0714A /* ProfileModel.swift in Sources */ = {isa = PBXBuildFile; fileRef = 630971472AE6BFEA00A0714A /* ProfileModel.swift */; };
		6309714A2AE6FB5900A0714A /* CvFullInfoView.swift in Sources */ = {isa = PBXBuildFile; fileRef = 630971492AE6FB5900A0714A /* CvFullInfoView.swift */; };
		6309714C2AE6FD3100A0714A /* CvFullInfoListView.swift in Sources */ = {isa = PBXBuildFile; fileRef = 6309714B2AE6FD3100A0714A /* CvFullInfoListView.swift */; };
		632DC3642AF78F8C00F018D2 /* ResponsesViewModel.swift in Sources */ = {isa = PBXBuildFile; fileRef = 632DC3632AF78F8C00F018D2 /* ResponsesViewModel.swift */; };
		632DC3662AF78F9900F018D2 /* ResponsesModel.swift in Sources */ = {isa = PBXBuildFile; fileRef = 632DC3652AF78F9900F018D2 /* ResponsesModel.swift */; };
		633D4BA82AF6463100108D18 /* SearchResultView.swift in Sources */ = {isa = PBXBuildFile; fileRef = 633D4BA72AF6463000108D18 /* SearchResultView.swift */; };
		634B6CED2AF4D393001A5FDA /* FullInfoView.swift in Sources */ = {isa = PBXBuildFile; fileRef = 634B6CEC2AF4D392001A5FDA /* FullInfoView.swift */; };
		636F17242AE7CA18006B7D20 /* CVInfoView.swift in Sources */ = {isa = PBXBuildFile; fileRef = 636F17232AE7CA18006B7D20 /* CVInfoView.swift */; };
		636F17262AE81CA1006B7D20 /* CvUpdateView.swift in Sources */ = {isa = PBXBuildFile; fileRef = 636F17252AE81CA1006B7D20 /* CvUpdateView.swift */; };
		637319C42AF673A000CD3BB6 /* SupportMainView.swift in Sources */ = {isa = PBXBuildFile; fileRef = 637319C32AF673A000CD3BB6 /* SupportMainView.swift */; };
		637319C62AF673EF00CD3BB6 /* SupportViewModel.swift in Sources */ = {isa = PBXBuildFile; fileRef = 637319C52AF673EF00CD3BB6 /* SupportViewModel.swift */; };
		63772C0A2AF6D03D00FB0EEA /* CvViewModule.swift in Sources */ = {isa = PBXBuildFile; fileRef = 63772C092AF6D03D00FB0EEA /* CvViewModule.swift */; };
		6377D3582AE66D870090714E /* StudentAPPApp.swift in Sources */ = {isa = PBXBuildFile; fileRef = 6377D3572AE66D870090714E /* StudentAPPApp.swift */; };
		6377D35A2AE66D870090714E /* ContentView.swift in Sources */ = {isa = PBXBuildFile; fileRef = 6377D3592AE66D870090714E /* ContentView.swift */; };
		6377D35C2AE66D880090714E /* Assets.xcassets in Resources */ = {isa = PBXBuildFile; fileRef = 6377D35B2AE66D880090714E /* Assets.xcassets */; };
		6377D35F2AE66D880090714E /* Preview Assets.xcassets in Resources */ = {isa = PBXBuildFile; fileRef = 6377D35E2AE66D880090714E /* Preview Assets.xcassets */; };
		6377D3822AE66EB70090714E /* EnterMainView.swift in Sources */ = {isa = PBXBuildFile; fileRef = 6377D3812AE66EB70090714E /* EnterMainView.swift */; };
		6377D3852AE66EF20090714E /* LogInView.swift in Sources */ = {isa = PBXBuildFile; fileRef = 6377D3842AE66EF20090714E /* LogInView.swift */; };
		6377D3872AE66F040090714E /* RegistrationView.swift in Sources */ = {isa = PBXBuildFile; fileRef = 6377D3862AE66F040090714E /* RegistrationView.swift */; };
		6377D3892AE66F590090714E /* EnterViewModel.swift in Sources */ = {isa = PBXBuildFile; fileRef = 6377D3882AE66F590090714E /* EnterViewModel.swift */; };
		6377D38B2AE66F970090714E /* LoginRoundedRectangleView.swift in Sources */ = {isa = PBXBuildFile; fileRef = 6377D38A2AE66F970090714E /* LoginRoundedRectangleView.swift */; };
		6377D38D2AE66FB20090714E /* CustomTextFieldView.swift in Sources */ = {isa = PBXBuildFile; fileRef = 6377D38C2AE66FB20090714E /* CustomTextFieldView.swift */; };
		6377D38F2AE670150090714E /* EnterModel.swift in Sources */ = {isa = PBXBuildFile; fileRef = 6377D38E2AE670150090714E /* EnterModel.swift */; };
		6377D3912AE6706B0090714E /* DropDownMenuView.swift in Sources */ = {isa = PBXBuildFile; fileRef = 6377D3902AE6706B0090714E /* DropDownMenuView.swift */; };
		6377D3962AE673CA0090714E /* EnterFullNameView.swift in Sources */ = {isa = PBXBuildFile; fileRef = 6377D3952AE673CA0090714E /* EnterFullNameView.swift */; };
		6377D3982AE673E60090714E /* EnterPositionView.swift in Sources */ = {isa = PBXBuildFile; fileRef = 6377D3972AE673E60090714E /* EnterPositionView.swift */; };
		6377D39A2AE673F80090714E /* EnterPasswordView.swift in Sources */ = {isa = PBXBuildFile; fileRef = 6377D3992AE673F80090714E /* EnterPasswordView.swift */; };
		6377D39C2AE6766F0090714E /* TabViewOfAPP.swift in Sources */ = {isa = PBXBuildFile; fileRef = 6377D39B2AE6766F0090714E /* TabViewOfAPP.swift */; };
		6377D39E2AE6769C0090714E /* MainView.swift in Sources */ = {isa = PBXBuildFile; fileRef = 6377D39D2AE6769C0090714E /* MainView.swift */; };
		6377D3A02AE676AF0090714E /* ResponsesMainView.swift in Sources */ = {isa = PBXBuildFile; fileRef = 6377D39F2AE676AF0090714E /* ResponsesMainView.swift */; };
		6377D3A22AE676BA0090714E /* ProfileMainView.swift in Sources */ = {isa = PBXBuildFile; fileRef = 6377D3A12AE676BA0090714E /* ProfileMainView.swift */; };
		6377D3A42AE677D30090714E /* ProfileViewModel.swift in Sources */ = {isa = PBXBuildFile; fileRef = 6377D3A32AE677D30090714E /* ProfileViewModel.swift */; };
		6377D3A72AE678F20090714E /* EditAccount.swift in Sources */ = {isa = PBXBuildFile; fileRef = 6377D3A62AE678F20090714E /* EditAccount.swift */; };
		6377D3A92AE679500090714E /* ProfileImage.swift in Sources */ = {isa = PBXBuildFile; fileRef = 6377D3A82AE679500090714E /* ProfileImage.swift */; };
		6377D3AB2AE679BC0090714E /* EditProfileViewItems.swift in Sources */ = {isa = PBXBuildFile; fileRef = 6377D3AA2AE679BC0090714E /* EditProfileViewItems.swift */; };
		6377D3AD2AE679F00090714E /* CustomTextFieldWithSize.swift in Sources */ = {isa = PBXBuildFile; fileRef = 6377D3AC2AE679F00090714E /* CustomTextFieldWithSize.swift */; };
		6377D3AF2AE67A740090714E /* ProfileItemsView.swift in Sources */ = {isa = PBXBuildFile; fileRef = 6377D3AE2AE67A740090714E /* ProfileItemsView.swift */; };
		6377D3B12AE67B460090714E /* ProfileEditCenterImage.swift in Sources */ = {isa = PBXBuildFile; fileRef = 6377D3B02AE67B460090714E /* ProfileEditCenterImage.swift */; };
		638E0F4B2AF3C489006D5770 /* JobInfoView.swift in Sources */ = {isa = PBXBuildFile; fileRef = 638E0F4A2AF3C489006D5770 /* JobInfoView.swift */; };
		638E0F4D2AF3EF53006D5770 /* JobFullInfoView.swift in Sources */ = {isa = PBXBuildFile; fileRef = 638E0F4C2AF3EF53006D5770 /* JobFullInfoView.swift */; };
		6393AA7A2AEA9A120052BF06 /* UserStateViewModel.swift in Sources */ = {isa = PBXBuildFile; fileRef = 6393AA792AEA9A120052BF06 /* UserStateViewModel.swift */; };
		63BCD0622AE85BEA0075DC8C /* CVTextField.swift in Sources */ = {isa = PBXBuildFile; fileRef = 63BCD0612AE85BEA0075DC8C /* CVTextField.swift */; };
		63FB67F02AEAC9F500FCAB84 /* MainModuleViewModel.swift in Sources */ = {isa = PBXBuildFile; fileRef = 63FB67EF2AEAC9F500FCAB84 /* MainModuleViewModel.swift */; };
		63FB67F22AEACA1100FCAB84 /* MainModuleModel.swift in Sources */ = {isa = PBXBuildFile; fileRef = 63FB67F12AEACA1100FCAB84 /* MainModuleModel.swift */; };
/* End PBXBuildFile section */

/* Begin PBXFileReference section */
		630971422AE6BF4200A0714A /* CvCreateView.swift */ = {isa = PBXFileReference; lastKnownFileType = sourcecode.swift; path = CvCreateView.swift; sourceTree = "<group>"; };
		630971442AE6BFA300A0714A /* CvMainView.swift */ = {isa = PBXFileReference; lastKnownFileType = sourcecode.swift; path = CvMainView.swift; sourceTree = "<group>"; };
		630971472AE6BFEA00A0714A /* ProfileModel.swift */ = {isa = PBXFileReference; lastKnownFileType = sourcecode.swift; path = ProfileModel.swift; sourceTree = "<group>"; };
		630971492AE6FB5900A0714A /* CvFullInfoView.swift */ = {isa = PBXFileReference; lastKnownFileType = sourcecode.swift; path = CvFullInfoView.swift; sourceTree = "<group>"; };
		6309714B2AE6FD3100A0714A /* CvFullInfoListView.swift */ = {isa = PBXFileReference; lastKnownFileType = sourcecode.swift; path = CvFullInfoListView.swift; sourceTree = "<group>"; };
		632DC3632AF78F8C00F018D2 /* ResponsesViewModel.swift */ = {isa = PBXFileReference; lastKnownFileType = sourcecode.swift; path = ResponsesViewModel.swift; sourceTree = "<group>"; };
		632DC3652AF78F9900F018D2 /* ResponsesModel.swift */ = {isa = PBXFileReference; lastKnownFileType = sourcecode.swift; path = ResponsesModel.swift; sourceTree = "<group>"; };
		633D4BA72AF6463000108D18 /* SearchResultView.swift */ = {isa = PBXFileReference; lastKnownFileType = sourcecode.swift; path = SearchResultView.swift; sourceTree = "<group>"; };
		634B6CEC2AF4D392001A5FDA /* FullInfoView.swift */ = {isa = PBXFileReference; lastKnownFileType = sourcecode.swift; path = FullInfoView.swift; sourceTree = "<group>"; };
		636F17232AE7CA18006B7D20 /* CVInfoView.swift */ = {isa = PBXFileReference; lastKnownFileType = sourcecode.swift; path = CVInfoView.swift; sourceTree = "<group>"; };
		636F17252AE81CA1006B7D20 /* CvUpdateView.swift */ = {isa = PBXFileReference; lastKnownFileType = sourcecode.swift; path = CvUpdateView.swift; sourceTree = "<group>"; };
		637319C32AF673A000CD3BB6 /* SupportMainView.swift */ = {isa = PBXFileReference; lastKnownFileType = sourcecode.swift; path = SupportMainView.swift; sourceTree = "<group>"; };
		637319C52AF673EF00CD3BB6 /* SupportViewModel.swift */ = {isa = PBXFileReference; lastKnownFileType = sourcecode.swift; path = SupportViewModel.swift; sourceTree = "<group>"; };
		63772C092AF6D03D00FB0EEA /* CvViewModule.swift */ = {isa = PBXFileReference; lastKnownFileType = sourcecode.swift; path = CvViewModule.swift; sourceTree = "<group>"; };
		6377D3542AE66D870090714E /* StudentAPP.app */ = {isa = PBXFileReference; explicitFileType = wrapper.application; includeInIndex = 0; path = StudentAPP.app; sourceTree = BUILT_PRODUCTS_DIR; };
		6377D3572AE66D870090714E /* StudentAPPApp.swift */ = {isa = PBXFileReference; lastKnownFileType = sourcecode.swift; path = StudentAPPApp.swift; sourceTree = "<group>"; };
		6377D3592AE66D870090714E /* ContentView.swift */ = {isa = PBXFileReference; lastKnownFileType = sourcecode.swift; path = ContentView.swift; sourceTree = "<group>"; };
		6377D35B2AE66D880090714E /* Assets.xcassets */ = {isa = PBXFileReference; lastKnownFileType = folder.assetcatalog; path = Assets.xcassets; sourceTree = "<group>"; };
		6377D35E2AE66D880090714E /* Preview Assets.xcassets */ = {isa = PBXFileReference; lastKnownFileType = folder.assetcatalog; path = "Preview Assets.xcassets"; sourceTree = "<group>"; };
		6377D3812AE66EB70090714E /* EnterMainView.swift */ = {isa = PBXFileReference; lastKnownFileType = sourcecode.swift; path = EnterMainView.swift; sourceTree = "<group>"; };
		6377D3842AE66EF20090714E /* LogInView.swift */ = {isa = PBXFileReference; lastKnownFileType = sourcecode.swift; path = LogInView.swift; sourceTree = "<group>"; };
		6377D3862AE66F040090714E /* RegistrationView.swift */ = {isa = PBXFileReference; lastKnownFileType = sourcecode.swift; path = RegistrationView.swift; sourceTree = "<group>"; };
		6377D3882AE66F590090714E /* EnterViewModel.swift */ = {isa = PBXFileReference; lastKnownFileType = sourcecode.swift; path = EnterViewModel.swift; sourceTree = "<group>"; };
		6377D38A2AE66F970090714E /* LoginRoundedRectangleView.swift */ = {isa = PBXFileReference; lastKnownFileType = sourcecode.swift; path = LoginRoundedRectangleView.swift; sourceTree = "<group>"; };
		6377D38C2AE66FB20090714E /* CustomTextFieldView.swift */ = {isa = PBXFileReference; lastKnownFileType = sourcecode.swift; path = CustomTextFieldView.swift; sourceTree = "<group>"; };
		6377D38E2AE670150090714E /* EnterModel.swift */ = {isa = PBXFileReference; lastKnownFileType = sourcecode.swift; path = EnterModel.swift; sourceTree = "<group>"; };
		6377D3902AE6706B0090714E /* DropDownMenuView.swift */ = {isa = PBXFileReference; lastKnownFileType = sourcecode.swift; path = DropDownMenuView.swift; sourceTree = "<group>"; };
		6377D3952AE673CA0090714E /* EnterFullNameView.swift */ = {isa = PBXFileReference; lastKnownFileType = sourcecode.swift; path = EnterFullNameView.swift; sourceTree = "<group>"; };
		6377D3972AE673E60090714E /* EnterPositionView.swift */ = {isa = PBXFileReference; lastKnownFileType = sourcecode.swift; path = EnterPositionView.swift; sourceTree = "<group>"; };
		6377D3992AE673F80090714E /* EnterPasswordView.swift */ = {isa = PBXFileReference; lastKnownFileType = sourcecode.swift; path = EnterPasswordView.swift; sourceTree = "<group>"; };
		6377D39B2AE6766F0090714E /* TabViewOfAPP.swift */ = {isa = PBXFileReference; lastKnownFileType = sourcecode.swift; path = TabViewOfAPP.swift; sourceTree = "<group>"; };
		6377D39D2AE6769C0090714E /* MainView.swift */ = {isa = PBXFileReference; lastKnownFileType = sourcecode.swift; path = MainView.swift; sourceTree = "<group>"; };
		6377D39F2AE676AF0090714E /* ResponsesMainView.swift */ = {isa = PBXFileReference; lastKnownFileType = sourcecode.swift; path = ResponsesMainView.swift; sourceTree = "<group>"; };
		6377D3A12AE676BA0090714E /* ProfileMainView.swift */ = {isa = PBXFileReference; lastKnownFileType = sourcecode.swift; path = ProfileMainView.swift; sourceTree = "<group>"; };
		6377D3A32AE677D30090714E /* ProfileViewModel.swift */ = {isa = PBXFileReference; lastKnownFileType = sourcecode.swift; path = ProfileViewModel.swift; sourceTree = "<group>"; };
		6377D3A62AE678F20090714E /* EditAccount.swift */ = {isa = PBXFileReference; lastKnownFileType = sourcecode.swift; path = EditAccount.swift; sourceTree = "<group>"; };
		6377D3A82AE679500090714E /* ProfileImage.swift */ = {isa = PBXFileReference; lastKnownFileType = sourcecode.swift; path = ProfileImage.swift; sourceTree = "<group>"; };
		6377D3AA2AE679BC0090714E /* EditProfileViewItems.swift */ = {isa = PBXFileReference; lastKnownFileType = sourcecode.swift; path = EditProfileViewItems.swift; sourceTree = "<group>"; };
		6377D3AC2AE679F00090714E /* CustomTextFieldWithSize.swift */ = {isa = PBXFileReference; lastKnownFileType = sourcecode.swift; path = CustomTextFieldWithSize.swift; sourceTree = "<group>"; };
		6377D3AE2AE67A740090714E /* ProfileItemsView.swift */ = {isa = PBXFileReference; lastKnownFileType = sourcecode.swift; path = ProfileItemsView.swift; sourceTree = "<group>"; };
		6377D3B02AE67B460090714E /* ProfileEditCenterImage.swift */ = {isa = PBXFileReference; lastKnownFileType = sourcecode.swift; path = ProfileEditCenterImage.swift; sourceTree = "<group>"; };
		638E0F4A2AF3C489006D5770 /* JobInfoView.swift */ = {isa = PBXFileReference; lastKnownFileType = sourcecode.swift; path = JobInfoView.swift; sourceTree = "<group>"; };
		638E0F4C2AF3EF53006D5770 /* JobFullInfoView.swift */ = {isa = PBXFileReference; lastKnownFileType = sourcecode.swift; path = JobFullInfoView.swift; sourceTree = "<group>"; };
		6393AA792AEA9A120052BF06 /* UserStateViewModel.swift */ = {isa = PBXFileReference; lastKnownFileType = sourcecode.swift; path = UserStateViewModel.swift; sourceTree = "<group>"; };
		63BCD0612AE85BEA0075DC8C /* CVTextField.swift */ = {isa = PBXFileReference; lastKnownFileType = sourcecode.swift; path = CVTextField.swift; sourceTree = "<group>"; };
		63FB67EF2AEAC9F500FCAB84 /* MainModuleViewModel.swift */ = {isa = PBXFileReference; lastKnownFileType = sourcecode.swift; path = MainModuleViewModel.swift; sourceTree = "<group>"; };
		63FB67F12AEACA1100FCAB84 /* MainModuleModel.swift */ = {isa = PBXFileReference; lastKnownFileType = sourcecode.swift; path = MainModuleModel.swift; sourceTree = "<group>"; };
/* End PBXFileReference section */

/* Begin PBXFrameworksBuildPhase section */
		6377D3512AE66D870090714E /* Frameworks */ = {
			isa = PBXFrameworksBuildPhase;
			buildActionMask = 2147483647;
			files = (
			);
			runOnlyForDeploymentPostprocessing = 0;
		};
/* End PBXFrameworksBuildPhase section */

/* Begin PBXGroup section */
		630971462AE6BFB300A0714A /* CV */ = {
			isa = PBXGroup;
			children = (
				630971442AE6BFA300A0714A /* CvMainView.swift */,
				63772C092AF6D03D00FB0EEA /* CvViewModule.swift */,
				636F17232AE7CA18006B7D20 /* CVInfoView.swift */,
				630971492AE6FB5900A0714A /* CvFullInfoView.swift */,
				636F17252AE81CA1006B7D20 /* CvUpdateView.swift */,
				6309714B2AE6FD3100A0714A /* CvFullInfoListView.swift */,
				630971422AE6BF4200A0714A /* CvCreateView.swift */,
				63BCD0612AE85BEA0075DC8C /* CVTextField.swift */,
			);
			path = CV;
			sourceTree = "<group>";
		};
		637319C22AF6734F00CD3BB6 /* Support */ = {
			isa = PBXGroup;
			children = (
				637319C32AF673A000CD3BB6 /* SupportMainView.swift */,
				637319C52AF673EF00CD3BB6 /* SupportViewModel.swift */,
			);
			path = Support;
			sourceTree = "<group>";
		};
		6377D34B2AE66D870090714E = {
			isa = PBXGroup;
			children = (
				6377D3562AE66D870090714E /* StudentAPP */,
				6377D3552AE66D870090714E /* Products */,
			);
			sourceTree = "<group>";
		};
		6377D3552AE66D870090714E /* Products */ = {
			isa = PBXGroup;
			children = (
				6377D3542AE66D870090714E /* StudentAPP.app */,
			);
			name = Products;
			sourceTree = "<group>";
		};
		6377D3562AE66D870090714E /* StudentAPP */ = {
			isa = PBXGroup;
			children = (
				6377D3572AE66D870090714E /* StudentAPPApp.swift */,
				6377D3592AE66D870090714E /* ContentView.swift */,
				6393AA782AEA99C90052BF06 /* User */,
				6377D3922AE673850090714E /* MainModule */,
				6377D3932AE673980090714E /* ResponsesModule */,
				6377D3942AE673A50090714E /* ProfileModule */,
				6377D3802AE66E840090714E /* CommonModule */,
				6377D37F2AE66E6E0090714E /* EnterModule */,
				6377D35B2AE66D880090714E /* Assets.xcassets */,
				6377D35D2AE66D880090714E /* Preview Content */,
			);
			path = StudentAPP;
			sourceTree = "<group>";
		};
		6377D35D2AE66D880090714E /* Preview Content */ = {
			isa = PBXGroup;
			children = (
				6377D35E2AE66D880090714E /* Preview Assets.xcassets */,
			);
			path = "Preview Content";
			sourceTree = "<group>";
		};
		6377D37F2AE66E6E0090714E /* EnterModule */ = {
			isa = PBXGroup;
			children = (
				6377D3812AE66EB70090714E /* EnterMainView.swift */,
				6377D3882AE66F590090714E /* EnterViewModel.swift */,
				6377D38E2AE670150090714E /* EnterModel.swift */,
				6377D3832AE66EDF0090714E /* Views */,
			);
			path = EnterModule;
			sourceTree = "<group>";
		};
		6377D3802AE66E840090714E /* CommonModule */ = {
			isa = PBXGroup;
			children = (
				6377D39B2AE6766F0090714E /* TabViewOfAPP.swift */,
				6377D3AC2AE679F00090714E /* CustomTextFieldWithSize.swift */,
			);
			path = CommonModule;
			sourceTree = "<group>";
		};
		6377D3832AE66EDF0090714E /* Views */ = {
			isa = PBXGroup;
			children = (
				6377D3842AE66EF20090714E /* LogInView.swift */,
				6377D3862AE66F040090714E /* RegistrationView.swift */,
				6377D38C2AE66FB20090714E /* CustomTextFieldView.swift */,
				6377D38A2AE66F970090714E /* LoginRoundedRectangleView.swift */,
				6377D3902AE6706B0090714E /* DropDownMenuView.swift */,
				6377D3952AE673CA0090714E /* EnterFullNameView.swift */,
				6377D3972AE673E60090714E /* EnterPositionView.swift */,
				6377D3992AE673F80090714E /* EnterPasswordView.swift */,
			);
			path = Views;
			sourceTree = "<group>";
		};
		6377D3922AE673850090714E /* MainModule */ = {
			isa = PBXGroup;
			children = (
				6377D39D2AE6769C0090714E /* MainView.swift */,
				63FB67EF2AEAC9F500FCAB84 /* MainModuleViewModel.swift */,
				63FB67F12AEACA1100FCAB84 /* MainModuleModel.swift */,
				638E0F492AF3C394006D5770 /* Views */,
			);
			path = MainModule;
			sourceTree = "<group>";
		};
		6377D3932AE673980090714E /* ResponsesModule */ = {
			isa = PBXGroup;
			children = (
				6377D39F2AE676AF0090714E /* ResponsesMainView.swift */,
				632DC3632AF78F8C00F018D2 /* ResponsesViewModel.swift */,
				632DC3652AF78F9900F018D2 /* ResponsesModel.swift */,
			);
			path = ResponsesModule;
			sourceTree = "<group>";
		};
		6377D3942AE673A50090714E /* ProfileModule */ = {
			isa = PBXGroup;
			children = (
				6377D3A12AE676BA0090714E /* ProfileMainView.swift */,
				6377D3A32AE677D30090714E /* ProfileViewModel.swift */,
				630971472AE6BFEA00A0714A /* ProfileModel.swift */,
				6377D3A52AE678BC0090714E /* Views */,
			);
			path = ProfileModule;
			sourceTree = "<group>";
		};
		6377D3A52AE678BC0090714E /* Views */ = {
			isa = PBXGroup;
			children = (
				6377D3A62AE678F20090714E /* EditAccount.swift */,
				6377D3AE2AE67A740090714E /* ProfileItemsView.swift */,
				6377D3A82AE679500090714E /* ProfileImage.swift */,
				6377D3AA2AE679BC0090714E /* EditProfileViewItems.swift */,
				6377D3B02AE67B460090714E /* ProfileEditCenterImage.swift */,
				637319C22AF6734F00CD3BB6 /* Support */,
				630971462AE6BFB300A0714A /* CV */,
			);
			path = Views;
			sourceTree = "<group>";
		};
		638E0F492AF3C394006D5770 /* Views */ = {
			isa = PBXGroup;
			children = (
				638E0F4A2AF3C489006D5770 /* JobInfoView.swift */,
				633D4BA72AF6463000108D18 /* SearchResultView.swift */,
				638E0F4C2AF3EF53006D5770 /* JobFullInfoView.swift */,
				634B6CEC2AF4D392001A5FDA /* FullInfoView.swift */,
			);
			path = Views;
			sourceTree = "<group>";
		};
		6393AA782AEA99C90052BF06 /* User */ = {
			isa = PBXGroup;
			children = (
				6393AA792AEA9A120052BF06 /* UserStateViewModel.swift */,
			);
			path = User;
			sourceTree = "<group>";
		};
/* End PBXGroup section */

/* Begin PBXNativeTarget section */
		6377D3532AE66D870090714E /* StudentAPP */ = {
			isa = PBXNativeTarget;
			buildConfigurationList = 6377D3622AE66D880090714E /* Build configuration list for PBXNativeTarget "StudentAPP" */;
			buildPhases = (
				6377D3502AE66D870090714E /* Sources */,
				6377D3512AE66D870090714E /* Frameworks */,
				6377D3522AE66D870090714E /* Resources */,
			);
			buildRules = (
			);
			dependencies = (
			);
			name = StudentAPP;
			productName = StudentAPP;
			productReference = 6377D3542AE66D870090714E /* StudentAPP.app */;
			productType = "com.apple.product-type.application";
		};
/* End PBXNativeTarget section */

/* Begin PBXProject section */
		6377D34C2AE66D870090714E /* Project object */ = {
			isa = PBXProject;
			attributes = {
				BuildIndependentTargetsInParallel = 1;
				LastSwiftUpdateCheck = 1500;
				LastUpgradeCheck = 1500;
				TargetAttributes = {
					6377D3532AE66D870090714E = {
						CreatedOnToolsVersion = 15.0.1;
					};
				};
			};
			buildConfigurationList = 6377D34F2AE66D870090714E /* Build configuration list for PBXProject "StudentAPP" */;
			compatibilityVersion = "Xcode 14.0";
			developmentRegion = en;
			hasScannedForEncodings = 0;
			knownRegions = (
				en,
				Base,
			);
			mainGroup = 6377D34B2AE66D870090714E;
			productRefGroup = 6377D3552AE66D870090714E /* Products */;
			projectDirPath = "";
			projectRoot = "";
			targets = (
				6377D3532AE66D870090714E /* StudentAPP */,
			);
		};
/* End PBXProject section */

/* Begin PBXResourcesBuildPhase section */
		6377D3522AE66D870090714E /* Resources */ = {
			isa = PBXResourcesBuildPhase;
			buildActionMask = 2147483647;
			files = (
				6377D35F2AE66D880090714E /* Preview Assets.xcassets in Resources */,
				6377D35C2AE66D880090714E /* Assets.xcassets in Resources */,
			);
			runOnlyForDeploymentPostprocessing = 0;
		};
/* End PBXResourcesBuildPhase section */

/* Begin PBXSourcesBuildPhase section */
		6377D3502AE66D870090714E /* Sources */ = {
			isa = PBXSourcesBuildPhase;
			buildActionMask = 2147483647;
			files = (
				6377D3AF2AE67A740090714E /* ProfileItemsView.swift in Sources */,
				63772C0A2AF6D03D00FB0EEA /* CvViewModule.swift in Sources */,
				632DC3662AF78F9900F018D2 /* ResponsesModel.swift in Sources */,
				6377D38F2AE670150090714E /* EnterModel.swift in Sources */,
				6377D3B12AE67B460090714E /* ProfileEditCenterImage.swift in Sources */,
				6393AA7A2AEA9A120052BF06 /* UserStateViewModel.swift in Sources */,
				6377D39E2AE6769C0090714E /* MainView.swift in Sources */,
				63FB67F02AEAC9F500FCAB84 /* MainModuleViewModel.swift in Sources */,
				630971452AE6BFA300A0714A /* CvMainView.swift in Sources */,
				6377D3A02AE676AF0090714E /* ResponsesMainView.swift in Sources */,
				6377D35A2AE66D870090714E /* ContentView.swift in Sources */,
				634B6CED2AF4D393001A5FDA /* FullInfoView.swift in Sources */,
				637319C62AF673EF00CD3BB6 /* SupportViewModel.swift in Sources */,
				6377D3912AE6706B0090714E /* DropDownMenuView.swift in Sources */,
				6377D3892AE66F590090714E /* EnterViewModel.swift in Sources */,
				630971482AE6BFEA00A0714A /* ProfileModel.swift in Sources */,
				637319C42AF673A000CD3BB6 /* SupportMainView.swift in Sources */,
				633D4BA82AF6463100108D18 /* SearchResultView.swift in Sources */,
				6309714C2AE6FD3100A0714A /* CvFullInfoListView.swift in Sources */,
				6377D3982AE673E60090714E /* EnterPositionView.swift in Sources */,
				6377D3582AE66D870090714E /* StudentAPPApp.swift in Sources */,
				6377D38D2AE66FB20090714E /* CustomTextFieldView.swift in Sources */,
				63BCD0622AE85BEA0075DC8C /* CVTextField.swift in Sources */,
				6377D39C2AE6766F0090714E /* TabViewOfAPP.swift in Sources */,
				6377D3A42AE677D30090714E /* ProfileViewModel.swift in Sources */,
				630971432AE6BF4200A0714A /* CvCreateView.swift in Sources */,
				6377D3A22AE676BA0090714E /* ProfileMainView.swift in Sources */,
				63FB67F22AEACA1100FCAB84 /* MainModuleModel.swift in Sources */,
				6377D3852AE66EF20090714E /* LogInView.swift in Sources */,
				636F17262AE81CA1006B7D20 /* CvUpdateView.swift in Sources */,
				638E0F4D2AF3EF53006D5770 /* JobFullInfoView.swift in Sources */,
				6377D3A92AE679500090714E /* ProfileImage.swift in Sources */,
				6377D3AB2AE679BC0090714E /* EditProfileViewItems.swift in Sources */,
				6377D3822AE66EB70090714E /* EnterMainView.swift in Sources */,
				6377D3872AE66F040090714E /* RegistrationView.swift in Sources */,
				6377D39A2AE673F80090714E /* EnterPasswordView.swift in Sources */,
				6377D3962AE673CA0090714E /* EnterFullNameView.swift in Sources */,
				638E0F4B2AF3C489006D5770 /* JobInfoView.swift in Sources */,
				6377D3AD2AE679F00090714E /* CustomTextFieldWithSize.swift in Sources */,
				6377D3A72AE678F20090714E /* EditAccount.swift in Sources */,
				632DC3642AF78F8C00F018D2 /* ResponsesViewModel.swift in Sources */,
				636F17242AE7CA18006B7D20 /* CVInfoView.swift in Sources */,
				6309714A2AE6FB5900A0714A /* CvFullInfoView.swift in Sources */,
				6377D38B2AE66F970090714E /* LoginRoundedRectangleView.swift in Sources */,
			);
			runOnlyForDeploymentPostprocessing = 0;
		};
/* End PBXSourcesBuildPhase section */

/* Begin XCBuildConfiguration section */
		6377D3602AE66D880090714E /* Debug */ = {
			isa = XCBuildConfiguration;
			buildSettings = {
				ALWAYS_SEARCH_USER_PATHS = NO;
				ASSETCATALOG_COMPILER_GENERATE_SWIFT_ASSET_SYMBOL_EXTENSIONS = YES;
				CLANG_ANALYZER_NONNULL = YES;
				CLANG_ANALYZER_NUMBER_OBJECT_CONVERSION = YES_AGGRESSIVE;
				CLANG_CXX_LANGUAGE_STANDARD = "gnu++20";
				CLANG_ENABLE_MODULES = YES;
				CLANG_ENABLE_OBJC_ARC = YES;
				CLANG_ENABLE_OBJC_WEAK = YES;
				CLANG_WARN_BLOCK_CAPTURE_AUTORELEASING = YES;
				CLANG_WARN_BOOL_CONVERSION = YES;
				CLANG_WARN_COMMA = YES;
				CLANG_WARN_CONSTANT_CONVERSION = YES;
				CLANG_WARN_DEPRECATED_OBJC_IMPLEMENTATIONS = YES;
				CLANG_WARN_DIRECT_OBJC_ISA_USAGE = YES_ERROR;
				CLANG_WARN_DOCUMENTATION_COMMENTS = YES;
				CLANG_WARN_EMPTY_BODY = YES;
				CLANG_WARN_ENUM_CONVERSION = YES;
				CLANG_WARN_INFINITE_RECURSION = YES;
				CLANG_WARN_INT_CONVERSION = YES;
				CLANG_WARN_NON_LITERAL_NULL_CONVERSION = YES;
				CLANG_WARN_OBJC_IMPLICIT_RETAIN_SELF = YES;
				CLANG_WARN_OBJC_LITERAL_CONVERSION = YES;
				CLANG_WARN_OBJC_ROOT_CLASS = YES_ERROR;
				CLANG_WARN_QUOTED_INCLUDE_IN_FRAMEWORK_HEADER = YES;
				CLANG_WARN_RANGE_LOOP_ANALYSIS = YES;
				CLANG_WARN_STRICT_PROTOTYPES = YES;
				CLANG_WARN_SUSPICIOUS_MOVE = YES;
				CLANG_WARN_UNGUARDED_AVAILABILITY = YES_AGGRESSIVE;
				CLANG_WARN_UNREACHABLE_CODE = YES;
				CLANG_WARN__DUPLICATE_METHOD_MATCH = YES;
				COPY_PHASE_STRIP = NO;
				DEBUG_INFORMATION_FORMAT = dwarf;
				ENABLE_STRICT_OBJC_MSGSEND = YES;
				ENABLE_TESTABILITY = YES;
				ENABLE_USER_SCRIPT_SANDBOXING = YES;
				GCC_C_LANGUAGE_STANDARD = gnu17;
				GCC_DYNAMIC_NO_PIC = NO;
				GCC_NO_COMMON_BLOCKS = YES;
				GCC_OPTIMIZATION_LEVEL = 0;
				GCC_PREPROCESSOR_DEFINITIONS = (
					"DEBUG=1",
					"$(inherited)",
				);
				GCC_WARN_64_TO_32_BIT_CONVERSION = YES;
				GCC_WARN_ABOUT_RETURN_TYPE = YES_ERROR;
				GCC_WARN_UNDECLARED_SELECTOR = YES;
				GCC_WARN_UNINITIALIZED_AUTOS = YES_AGGRESSIVE;
				GCC_WARN_UNUSED_FUNCTION = YES;
				GCC_WARN_UNUSED_VARIABLE = YES;
				IPHONEOS_DEPLOYMENT_TARGET = 17.0;
				LOCALIZATION_PREFERS_STRING_CATALOGS = YES;
				MTL_ENABLE_DEBUG_INFO = INCLUDE_SOURCE;
				MTL_FAST_MATH = YES;
				ONLY_ACTIVE_ARCH = YES;
				SDKROOT = iphoneos;
				SWIFT_ACTIVE_COMPILATION_CONDITIONS = "DEBUG $(inherited)";
				SWIFT_OPTIMIZATION_LEVEL = "-Onone";
			};
			name = Debug;
		};
		6377D3612AE66D880090714E /* Release */ = {
			isa = XCBuildConfiguration;
			buildSettings = {
				ALWAYS_SEARCH_USER_PATHS = NO;
				ASSETCATALOG_COMPILER_GENERATE_SWIFT_ASSET_SYMBOL_EXTENSIONS = YES;
				CLANG_ANALYZER_NONNULL = YES;
				CLANG_ANALYZER_NUMBER_OBJECT_CONVERSION = YES_AGGRESSIVE;
				CLANG_CXX_LANGUAGE_STANDARD = "gnu++20";
				CLANG_ENABLE_MODULES = YES;
				CLANG_ENABLE_OBJC_ARC = YES;
				CLANG_ENABLE_OBJC_WEAK = YES;
				CLANG_WARN_BLOCK_CAPTURE_AUTORELEASING = YES;
				CLANG_WARN_BOOL_CONVERSION = YES;
				CLANG_WARN_COMMA = YES;
				CLANG_WARN_CONSTANT_CONVERSION = YES;
				CLANG_WARN_DEPRECATED_OBJC_IMPLEMENTATIONS = YES;
				CLANG_WARN_DIRECT_OBJC_ISA_USAGE = YES_ERROR;
				CLANG_WARN_DOCUMENTATION_COMMENTS = YES;
				CLANG_WARN_EMPTY_BODY = YES;
				CLANG_WARN_ENUM_CONVERSION = YES;
				CLANG_WARN_INFINITE_RECURSION = YES;
				CLANG_WARN_INT_CONVERSION = YES;
				CLANG_WARN_NON_LITERAL_NULL_CONVERSION = YES;
				CLANG_WARN_OBJC_IMPLICIT_RETAIN_SELF = YES;
				CLANG_WARN_OBJC_LITERAL_CONVERSION = YES;
				CLANG_WARN_OBJC_ROOT_CLASS = YES_ERROR;
				CLANG_WARN_QUOTED_INCLUDE_IN_FRAMEWORK_HEADER = YES;
				CLANG_WARN_RANGE_LOOP_ANALYSIS = YES;
				CLANG_WARN_STRICT_PROTOTYPES = YES;
				CLANG_WARN_SUSPICIOUS_MOVE = YES;
				CLANG_WARN_UNGUARDED_AVAILABILITY = YES_AGGRESSIVE;
				CLANG_WARN_UNREACHABLE_CODE = YES;
				CLANG_WARN__DUPLICATE_METHOD_MATCH = YES;
				COPY_PHASE_STRIP = NO;
				DEBUG_INFORMATION_FORMAT = "dwarf-with-dsym";
				ENABLE_NS_ASSERTIONS = NO;
				ENABLE_STRICT_OBJC_MSGSEND = YES;
				ENABLE_USER_SCRIPT_SANDBOXING = YES;
				GCC_C_LANGUAGE_STANDARD = gnu17;
				GCC_NO_COMMON_BLOCKS = YES;
				GCC_WARN_64_TO_32_BIT_CONVERSION = YES;
				GCC_WARN_ABOUT_RETURN_TYPE = YES_ERROR;
				GCC_WARN_UNDECLARED_SELECTOR = YES;
				GCC_WARN_UNINITIALIZED_AUTOS = YES_AGGRESSIVE;
				GCC_WARN_UNUSED_FUNCTION = YES;
				GCC_WARN_UNUSED_VARIABLE = YES;
				IPHONEOS_DEPLOYMENT_TARGET = 17.0;
				LOCALIZATION_PREFERS_STRING_CATALOGS = YES;
				MTL_ENABLE_DEBUG_INFO = NO;
				MTL_FAST_MATH = YES;
				SDKROOT = iphoneos;
				SWIFT_COMPILATION_MODE = wholemodule;
				VALIDATE_PRODUCT = YES;
			};
			name = Release;
		};
		6377D3632AE66D880090714E /* Debug */ = {
			isa = XCBuildConfiguration;
			buildSettings = {
				ASSETCATALOG_COMPILER_APPICON_NAME = AppIcon;
				ASSETCATALOG_COMPILER_GLOBAL_ACCENT_COLOR_NAME = AccentColor;
				CODE_SIGN_STYLE = Automatic;
				CURRENT_PROJECT_VERSION = 1;
				DEVELOPMENT_ASSET_PATHS = "\"StudentAPP/Preview Content\"";
				DEVELOPMENT_TEAM = 944K4M9L9M;
				ENABLE_PREVIEWS = YES;
				GENERATE_INFOPLIST_FILE = YES;
				INFOPLIST_KEY_UIApplicationSceneManifest_Generation = YES;
				INFOPLIST_KEY_UIApplicationSupportsIndirectInputEvents = YES;
				INFOPLIST_KEY_UILaunchScreen_Generation = YES;
				INFOPLIST_KEY_UISupportedInterfaceOrientations_iPad = "UIInterfaceOrientationPortrait UIInterfaceOrientationPortraitUpsideDown UIInterfaceOrientationLandscapeLeft UIInterfaceOrientationLandscapeRight";
				INFOPLIST_KEY_UISupportedInterfaceOrientations_iPhone = "UIInterfaceOrientationPortrait UIInterfaceOrientationLandscapeLeft UIInterfaceOrientationLandscapeRight";
				LD_RUNPATH_SEARCH_PATHS = (
					"$(inherited)",
					"@executable_path/Frameworks",
				);
				MARKETING_VERSION = 1.0;
				PRODUCT_BUNDLE_IDENTIFIER = kpfu.StudentAPP;
				PRODUCT_NAME = "$(TARGET_NAME)";
				SWIFT_EMIT_LOC_STRINGS = YES;
				SWIFT_VERSION = 5.0;
				TARGETED_DEVICE_FAMILY = "1,2";
			};
			name = Debug;
		};
		6377D3642AE66D880090714E /* Release */ = {
			isa = XCBuildConfiguration;
			buildSettings = {
				ASSETCATALOG_COMPILER_APPICON_NAME = AppIcon;
				ASSETCATALOG_COMPILER_GLOBAL_ACCENT_COLOR_NAME = AccentColor;
				CODE_SIGN_STYLE = Automatic;
				CURRENT_PROJECT_VERSION = 1;
				DEVELOPMENT_ASSET_PATHS = "\"StudentAPP/Preview Content\"";
				DEVELOPMENT_TEAM = 944K4M9L9M;
				ENABLE_PREVIEWS = YES;
				GENERATE_INFOPLIST_FILE = YES;
				INFOPLIST_KEY_UIApplicationSceneManifest_Generation = YES;
				INFOPLIST_KEY_UIApplicationSupportsIndirectInputEvents = YES;
				INFOPLIST_KEY_UILaunchScreen_Generation = YES;
				INFOPLIST_KEY_UISupportedInterfaceOrientations_iPad = "UIInterfaceOrientationPortrait UIInterfaceOrientationPortraitUpsideDown UIInterfaceOrientationLandscapeLeft UIInterfaceOrientationLandscapeRight";
				INFOPLIST_KEY_UISupportedInterfaceOrientations_iPhone = "UIInterfaceOrientationPortrait UIInterfaceOrientationLandscapeLeft UIInterfaceOrientationLandscapeRight";
				LD_RUNPATH_SEARCH_PATHS = (
					"$(inherited)",
					"@executable_path/Frameworks",
				);
				MARKETING_VERSION = 1.0;
				PRODUCT_BUNDLE_IDENTIFIER = kpfu.StudentAPP;
				PRODUCT_NAME = "$(TARGET_NAME)";
				SWIFT_EMIT_LOC_STRINGS = YES;
				SWIFT_VERSION = 5.0;
				TARGETED_DEVICE_FAMILY = "1,2";
			};
			name = Release;
		};
/* End XCBuildConfiguration section */

/* Begin XCConfigurationList section */
		6377D34F2AE66D870090714E /* Build configuration list for PBXProject "StudentAPP" */ = {
			isa = XCConfigurationList;
			buildConfigurations = (
				6377D3602AE66D880090714E /* Debug */,
				6377D3612AE66D880090714E /* Release */,
			);
			defaultConfigurationIsVisible = 0;
			defaultConfigurationName = Release;
		};
		6377D3622AE66D880090714E /* Build configuration list for PBXNativeTarget "StudentAPP" */ = {
			isa = XCConfigurationList;
			buildConfigurations = (
				6377D3632AE66D880090714E /* Debug */,
				6377D3642AE66D880090714E /* Release */,
			);
			defaultConfigurationIsVisible = 0;
			defaultConfigurationName = Release;
		};
/* End XCConfigurationList section */
	};
	rootObject = 6377D34C2AE66D870090714E /* Project object */;
}
