// !$*UTF8*$!
{
	archiveVersion = 1;
	classes = {
	};
	objectVersion = 56;
	objects = {

/* Begin PBXBuildFile section */
		6309FA122B9C878C00DB4E63 /* VacancyDetailView.swift in Sources */ = {isa = PBXBuildFile; fileRef = 6309FA112B9C878C00DB4E63 /* VacancyDetailView.swift */; };
		6309FA142B9C87BD00DB4E63 /* VacancyOverView.swift in Sources */ = {isa = PBXBuildFile; fileRef = 6309FA132B9C87BD00DB4E63 /* VacancyOverView.swift */; };
		6309FA162B9C88BD00DB4E63 /* VacancyScrollInfoForm.swift in Sources */ = {isa = PBXBuildFile; fileRef = 6309FA152B9C88BD00DB4E63 /* VacancyScrollInfoForm.swift */; };
		6322FDAE2B9DCB5E00B47DB3 /* CvDetailView.swift in Sources */ = {isa = PBXBuildFile; fileRef = 6322FDAD2B9DCB5E00B47DB3 /* CvDetailView.swift */; };
		6322FDB02B9DCB7600B47DB3 /* CvOverForm.swift in Sources */ = {isa = PBXBuildFile; fileRef = 6322FDAF2B9DCB7600B47DB3 /* CvOverForm.swift */; };
		6322FDB22B9DCB9000B47DB3 /* CvScrollInfoForm.swift in Sources */ = {isa = PBXBuildFile; fileRef = 6322FDB12B9DCB9000B47DB3 /* CvScrollInfoForm.swift */; };
		6322FDB42B9DD16400B47DB3 /* CvUpdateView.swift in Sources */ = {isa = PBXBuildFile; fileRef = 6322FDB32B9DD16400B47DB3 /* CvUpdateView.swift */; };
		6322FDB62B9DD1A300B47DB3 /* CvListOfTextFields_Bindable.swift in Sources */ = {isa = PBXBuildFile; fileRef = 6322FDB52B9DD1A200B47DB3 /* CvListOfTextFields_Bindable.swift */; };
		6322FDB82B9DD50E00B47DB3 /* CustomTextField.swift in Sources */ = {isa = PBXBuildFile; fileRef = 6322FDB72B9DD50E00B47DB3 /* CustomTextField.swift */; };
		6322FDBA2B9DD89A00B47DB3 /* CvListOfTextFields_Binding.swift in Sources */ = {isa = PBXBuildFile; fileRef = 6322FDB92B9DD89A00B47DB3 /* CvListOfTextFields_Binding.swift */; };
		6322FDBC2B9DDCCA00B47DB3 /* CvCreateView.swift in Sources */ = {isa = PBXBuildFile; fileRef = 6322FDBB2B9DDCCA00B47DB3 /* CvCreateView.swift */; };
		6322FDBF2B9EA73D00B47DB3 /* SupportView.swift in Sources */ = {isa = PBXBuildFile; fileRef = 6322FDBE2B9EA73D00B47DB3 /* SupportView.swift */; };
		6322FDC12B9EA74A00B47DB3 /* SupportPresenter.swift in Sources */ = {isa = PBXBuildFile; fileRef = 6322FDC02B9EA74A00B47DB3 /* SupportPresenter.swift */; };
		6322FDC32B9EA75400B47DB3 /* SupportInteractor.swift in Sources */ = {isa = PBXBuildFile; fileRef = 6322FDC22B9EA75400B47DB3 /* SupportInteractor.swift */; };
		6322FDC52B9EA76500B47DB3 /* SupportEntity.swift in Sources */ = {isa = PBXBuildFile; fileRef = 6322FDC42B9EA76500B47DB3 /* SupportEntity.swift */; };
		633149682B9C7FF100484CB4 /* MainTabView.swift in Sources */ = {isa = PBXBuildFile; fileRef = 633149672B9C7FF100484CB4 /* MainTabView.swift */; };
		6331496C2B9C817700484CB4 /* ProfileView.swift in Sources */ = {isa = PBXBuildFile; fileRef = 6331496B2B9C817700484CB4 /* ProfileView.swift */; };
		6331496E2B9C819000484CB4 /* ProfilePresenter.swift in Sources */ = {isa = PBXBuildFile; fileRef = 6331496D2B9C819000484CB4 /* ProfilePresenter.swift */; };
		633149702B9C819A00484CB4 /* ProfileEntity.swift in Sources */ = {isa = PBXBuildFile; fileRef = 6331496F2B9C819A00484CB4 /* ProfileEntity.swift */; };
		633149722B9C81A600484CB4 /* ProfileInteractor.swift in Sources */ = {isa = PBXBuildFile; fileRef = 633149712B9C81A600484CB4 /* ProfileInteractor.swift */; };
		633149742B9C81F000484CB4 /* ResponsesView.swift in Sources */ = {isa = PBXBuildFile; fileRef = 633149732B9C81F000484CB4 /* ResponsesView.swift */; };
		633149762B9C829C00484CB4 /* VacancyBoardPresenter.swift in Sources */ = {isa = PBXBuildFile; fileRef = 633149752B9C829C00484CB4 /* VacancyBoardPresenter.swift */; };
		633149782B9C82B000484CB4 /* VacancyBoardEntity.swift in Sources */ = {isa = PBXBuildFile; fileRef = 633149772B9C82B000484CB4 /* VacancyBoardEntity.swift */; };
		6331497A2B9C82BC00484CB4 /* VacancyBoardInteracrot.swift in Sources */ = {isa = PBXBuildFile; fileRef = 633149792B9C82BC00484CB4 /* VacancyBoardInteracrot.swift */; };
		63A9119C2B9B3897008C272E /* StudentAPP_version_0_1App.swift in Sources */ = {isa = PBXBuildFile; fileRef = 63A9119B2B9B3897008C272E /* StudentAPP_version_0_1App.swift */; };
		63A911A02B9B3899008C272E /* Assets.xcassets in Resources */ = {isa = PBXBuildFile; fileRef = 63A9119F2B9B3899008C272E /* Assets.xcassets */; };
		63A911A32B9B3899008C272E /* Preview Assets.xcassets in Resources */ = {isa = PBXBuildFile; fileRef = 63A911A22B9B3899008C272E /* Preview Assets.xcassets */; };
		63A911AB2B9B39BC008C272E /* AuthEntity.swift in Sources */ = {isa = PBXBuildFile; fileRef = 63A911AA2B9B39BC008C272E /* AuthEntity.swift */; };
		63A911AD2B9B3D55008C272E /* Router.swift in Sources */ = {isa = PBXBuildFile; fileRef = 63A911AC2B9B3D55008C272E /* Router.swift */; };
		63A911AF2B9B3E04008C272E /* AuthView.swift in Sources */ = {isa = PBXBuildFile; fileRef = 63A911AE2B9B3E04008C272E /* AuthView.swift */; };
		63A911B22B9B3E2F008C272E /* AuthInteractor.swift in Sources */ = {isa = PBXBuildFile; fileRef = 63A911B12B9B3E2F008C272E /* AuthInteractor.swift */; };
		63A911B42B9B3E60008C272E /* AuthPresenter.swift in Sources */ = {isa = PBXBuildFile; fileRef = 63A911B32B9B3E60008C272E /* AuthPresenter.swift */; };
		63A911B62B9B416F008C272E /* RootView.swift in Sources */ = {isa = PBXBuildFile; fileRef = 63A911B52B9B416F008C272E /* RootView.swift */; };
		63A911B82B9B48FD008C272E /* LogInView.swift in Sources */ = {isa = PBXBuildFile; fileRef = 63A911B72B9B48FD008C272E /* LogInView.swift */; };
		63A911BA2B9B4907008C272E /* RegistrationView.swift in Sources */ = {isa = PBXBuildFile; fileRef = 63A911B92B9B4907008C272E /* RegistrationView.swift */; };
		63A911BC2B9C46E6008C272E /* VacancyBoardView.swift in Sources */ = {isa = PBXBuildFile; fileRef = 63A911BB2B9C46E6008C272E /* VacancyBoardView.swift */; };
		63A911C02B9C4FD8008C272E /* UserStateManager.swift in Sources */ = {isa = PBXBuildFile; fileRef = 63A911BF2B9C4FD8008C272E /* UserStateManager.swift */; };
		63A911C22B9C5443008C272E /* LoginRoundedRectangleForm.swift in Sources */ = {isa = PBXBuildFile; fileRef = 63A911C12B9C5443008C272E /* LoginRoundedRectangleForm.swift */; };
		63A911C42B9C5494008C272E /* CustomTextFieldForm.swift in Sources */ = {isa = PBXBuildFile; fileRef = 63A911C32B9C5494008C272E /* CustomTextFieldForm.swift */; };
		63D17FBE2BAAE94D00F151B0 /* example.swift in Sources */ = {isa = PBXBuildFile; fileRef = 63D17FBD2BAAE94D00F151B0 /* example.swift */; };
		63D17FC02BAC262F00F151B0 /* Extensions.swift in Sources */ = {isa = PBXBuildFile; fileRef = 63D17FBF2BAC262F00F151B0 /* Extensions.swift */; };
		63D17FC22BAC41FD00F151B0 /* DropDownMenuView.swift in Sources */ = {isa = PBXBuildFile; fileRef = 63D17FC12BAC41FD00F151B0 /* DropDownMenuView.swift */; };
		63D17FC42BAC440300F151B0 /* CreateAccountView.swift in Sources */ = {isa = PBXBuildFile; fileRef = 63D17FC32BAC440300F151B0 /* CreateAccountView.swift */; };
		63D17FC62BAC458C00F151B0 /* PartOneOfRegistrationForm.swift in Sources */ = {isa = PBXBuildFile; fileRef = 63D17FC52BAC458C00F151B0 /* PartOneOfRegistrationForm.swift */; };
		63D17FC82BAC45A300F151B0 /* PartTwoOfRegistrationForm.swift in Sources */ = {isa = PBXBuildFile; fileRef = 63D17FC72BAC45A300F151B0 /* PartTwoOfRegistrationForm.swift */; };
		63E8A6132B9D8FDB00428ECF /* SearchBar.swift in Sources */ = {isa = PBXBuildFile; fileRef = 63E8A6122B9D8FDB00428ECF /* SearchBar.swift */; };
		63E8A6152B9D9E5800428ECF /* TestDataForDebug.swift in Sources */ = {isa = PBXBuildFile; fileRef = 63E8A6142B9D9E5800428ECF /* TestDataForDebug.swift */; };
		63E8A6192B9DA19500428ECF /* CircleImageForm.swift in Sources */ = {isa = PBXBuildFile; fileRef = 63E8A6182B9DA19500428ECF /* CircleImageForm.swift */; };
		63E8A61B2B9DA50800428ECF /* ProfileItemsForm.swift in Sources */ = {isa = PBXBuildFile; fileRef = 63E8A61A2B9DA50800428ECF /* ProfileItemsForm.swift */; };
		63E8A61D2B9DAAC400428ECF /* CvView.swift in Sources */ = {isa = PBXBuildFile; fileRef = 63E8A61C2B9DAAC400428ECF /* CvView.swift */; };
		63E8A61F2B9DAAD800428ECF /* CvPresenter.swift in Sources */ = {isa = PBXBuildFile; fileRef = 63E8A61E2B9DAAD800428ECF /* CvPresenter.swift */; };
		63E8A6212B9DAAE500428ECF /* CvEntity.swift in Sources */ = {isa = PBXBuildFile; fileRef = 63E8A6202B9DAAE500428ECF /* CvEntity.swift */; };
		63E8A6232B9DAAF400428ECF /* CvInteractor.swift in Sources */ = {isa = PBXBuildFile; fileRef = 63E8A6222B9DAAF400428ECF /* CvInteractor.swift */; };
/* End PBXBuildFile section */

/* Begin PBXFileReference section */
		6309FA112B9C878C00DB4E63 /* VacancyDetailView.swift */ = {isa = PBXFileReference; lastKnownFileType = sourcecode.swift; path = VacancyDetailView.swift; sourceTree = "<group>"; };
		6309FA132B9C87BD00DB4E63 /* VacancyOverView.swift */ = {isa = PBXFileReference; lastKnownFileType = sourcecode.swift; path = VacancyOverView.swift; sourceTree = "<group>"; };
		6309FA152B9C88BD00DB4E63 /* VacancyScrollInfoForm.swift */ = {isa = PBXFileReference; lastKnownFileType = sourcecode.swift; path = VacancyScrollInfoForm.swift; sourceTree = "<group>"; };
		6322FDAD2B9DCB5E00B47DB3 /* CvDetailView.swift */ = {isa = PBXFileReference; lastKnownFileType = sourcecode.swift; path = CvDetailView.swift; sourceTree = "<group>"; };
		6322FDAF2B9DCB7600B47DB3 /* CvOverForm.swift */ = {isa = PBXFileReference; lastKnownFileType = sourcecode.swift; path = CvOverForm.swift; sourceTree = "<group>"; };
		6322FDB12B9DCB9000B47DB3 /* CvScrollInfoForm.swift */ = {isa = PBXFileReference; lastKnownFileType = sourcecode.swift; path = CvScrollInfoForm.swift; sourceTree = "<group>"; };
		6322FDB32B9DD16400B47DB3 /* CvUpdateView.swift */ = {isa = PBXFileReference; lastKnownFileType = sourcecode.swift; path = CvUpdateView.swift; sourceTree = "<group>"; };
		6322FDB52B9DD1A200B47DB3 /* CvListOfTextFields_Bindable.swift */ = {isa = PBXFileReference; lastKnownFileType = sourcecode.swift; path = CvListOfTextFields_Bindable.swift; sourceTree = "<group>"; };
		6322FDB72B9DD50E00B47DB3 /* CustomTextField.swift */ = {isa = PBXFileReference; lastKnownFileType = sourcecode.swift; path = CustomTextField.swift; sourceTree = "<group>"; };
		6322FDB92B9DD89A00B47DB3 /* CvListOfTextFields_Binding.swift */ = {isa = PBXFileReference; lastKnownFileType = sourcecode.swift; path = CvListOfTextFields_Binding.swift; sourceTree = "<group>"; };
		6322FDBB2B9DDCCA00B47DB3 /* CvCreateView.swift */ = {isa = PBXFileReference; lastKnownFileType = sourcecode.swift; path = CvCreateView.swift; sourceTree = "<group>"; };
		6322FDBE2B9EA73D00B47DB3 /* SupportView.swift */ = {isa = PBXFileReference; lastKnownFileType = sourcecode.swift; path = SupportView.swift; sourceTree = "<group>"; };
		6322FDC02B9EA74A00B47DB3 /* SupportPresenter.swift */ = {isa = PBXFileReference; lastKnownFileType = sourcecode.swift; path = SupportPresenter.swift; sourceTree = "<group>"; };
		6322FDC22B9EA75400B47DB3 /* SupportInteractor.swift */ = {isa = PBXFileReference; lastKnownFileType = sourcecode.swift; path = SupportInteractor.swift; sourceTree = "<group>"; };
		6322FDC42B9EA76500B47DB3 /* SupportEntity.swift */ = {isa = PBXFileReference; lastKnownFileType = sourcecode.swift; path = SupportEntity.swift; sourceTree = "<group>"; };
		633149672B9C7FF100484CB4 /* MainTabView.swift */ = {isa = PBXFileReference; lastKnownFileType = sourcecode.swift; path = MainTabView.swift; sourceTree = "<group>"; };
		6331496B2B9C817700484CB4 /* ProfileView.swift */ = {isa = PBXFileReference; lastKnownFileType = sourcecode.swift; path = ProfileView.swift; sourceTree = "<group>"; };
		6331496D2B9C819000484CB4 /* ProfilePresenter.swift */ = {isa = PBXFileReference; lastKnownFileType = sourcecode.swift; path = ProfilePresenter.swift; sourceTree = "<group>"; };
		6331496F2B9C819A00484CB4 /* ProfileEntity.swift */ = {isa = PBXFileReference; lastKnownFileType = sourcecode.swift; path = ProfileEntity.swift; sourceTree = "<group>"; };
		633149712B9C81A600484CB4 /* ProfileInteractor.swift */ = {isa = PBXFileReference; lastKnownFileType = sourcecode.swift; path = ProfileInteractor.swift; sourceTree = "<group>"; };
		633149732B9C81F000484CB4 /* ResponsesView.swift */ = {isa = PBXFileReference; lastKnownFileType = sourcecode.swift; path = ResponsesView.swift; sourceTree = "<group>"; };
		633149752B9C829C00484CB4 /* VacancyBoardPresenter.swift */ = {isa = PBXFileReference; lastKnownFileType = sourcecode.swift; path = VacancyBoardPresenter.swift; sourceTree = "<group>"; };
		633149772B9C82B000484CB4 /* VacancyBoardEntity.swift */ = {isa = PBXFileReference; lastKnownFileType = sourcecode.swift; path = VacancyBoardEntity.swift; sourceTree = "<group>"; };
		633149792B9C82BC00484CB4 /* VacancyBoardInteracrot.swift */ = {isa = PBXFileReference; lastKnownFileType = sourcecode.swift; path = VacancyBoardInteracrot.swift; sourceTree = "<group>"; };
		63A911982B9B3897008C272E /* StudentAPP_version_0.1.app */ = {isa = PBXFileReference; explicitFileType = wrapper.application; includeInIndex = 0; path = StudentAPP_version_0.1.app; sourceTree = BUILT_PRODUCTS_DIR; };
		63A9119B2B9B3897008C272E /* StudentAPP_version_0_1App.swift */ = {isa = PBXFileReference; lastKnownFileType = sourcecode.swift; path = StudentAPP_version_0_1App.swift; sourceTree = "<group>"; };
		63A9119F2B9B3899008C272E /* Assets.xcassets */ = {isa = PBXFileReference; lastKnownFileType = folder.assetcatalog; path = Assets.xcassets; sourceTree = "<group>"; };
		63A911A22B9B3899008C272E /* Preview Assets.xcassets */ = {isa = PBXFileReference; lastKnownFileType = folder.assetcatalog; path = "Preview Assets.xcassets"; sourceTree = "<group>"; };
		63A911AA2B9B39BC008C272E /* AuthEntity.swift */ = {isa = PBXFileReference; lastKnownFileType = sourcecode.swift; path = AuthEntity.swift; sourceTree = "<group>"; };
		63A911AC2B9B3D55008C272E /* Router.swift */ = {isa = PBXFileReference; lastKnownFileType = sourcecode.swift; path = Router.swift; sourceTree = "<group>"; };
		63A911AE2B9B3E04008C272E /* AuthView.swift */ = {isa = PBXFileReference; lastKnownFileType = sourcecode.swift; path = AuthView.swift; sourceTree = "<group>"; };
		63A911B12B9B3E2F008C272E /* AuthInteractor.swift */ = {isa = PBXFileReference; lastKnownFileType = sourcecode.swift; path = AuthInteractor.swift; sourceTree = "<group>"; };
		63A911B32B9B3E60008C272E /* AuthPresenter.swift */ = {isa = PBXFileReference; lastKnownFileType = sourcecode.swift; path = AuthPresenter.swift; sourceTree = "<group>"; };
		63A911B52B9B416F008C272E /* RootView.swift */ = {isa = PBXFileReference; lastKnownFileType = sourcecode.swift; path = RootView.swift; sourceTree = "<group>"; };
		63A911B72B9B48FD008C272E /* LogInView.swift */ = {isa = PBXFileReference; lastKnownFileType = sourcecode.swift; path = LogInView.swift; sourceTree = "<group>"; };
		63A911B92B9B4907008C272E /* RegistrationView.swift */ = {isa = PBXFileReference; lastKnownFileType = sourcecode.swift; path = RegistrationView.swift; sourceTree = "<group>"; };
		63A911BB2B9C46E6008C272E /* VacancyBoardView.swift */ = {isa = PBXFileReference; lastKnownFileType = sourcecode.swift; path = VacancyBoardView.swift; sourceTree = "<group>"; };
		63A911BF2B9C4FD8008C272E /* UserStateManager.swift */ = {isa = PBXFileReference; lastKnownFileType = sourcecode.swift; path = UserStateManager.swift; sourceTree = "<group>"; };
		63A911C12B9C5443008C272E /* LoginRoundedRectangleForm.swift */ = {isa = PBXFileReference; lastKnownFileType = sourcecode.swift; path = LoginRoundedRectangleForm.swift; sourceTree = "<group>"; };
		63A911C32B9C5494008C272E /* CustomTextFieldForm.swift */ = {isa = PBXFileReference; lastKnownFileType = sourcecode.swift; path = CustomTextFieldForm.swift; sourceTree = "<group>"; };
		63A911C52B9C5B63008C272E /* StudentAPP-version-0-1-Info.plist */ = {isa = PBXFileReference; lastKnownFileType = text.plist; path = "StudentAPP-version-0-1-Info.plist"; sourceTree = SOURCE_ROOT; };
		63D17FBD2BAAE94D00F151B0 /* example.swift */ = {isa = PBXFileReference; lastKnownFileType = sourcecode.swift; path = example.swift; sourceTree = "<group>"; };
		63D17FBF2BAC262F00F151B0 /* Extensions.swift */ = {isa = PBXFileReference; lastKnownFileType = sourcecode.swift; path = Extensions.swift; sourceTree = "<group>"; };
		63D17FC12BAC41FD00F151B0 /* DropDownMenuView.swift */ = {isa = PBXFileReference; lastKnownFileType = sourcecode.swift; path = DropDownMenuView.swift; sourceTree = "<group>"; };
		63D17FC32BAC440300F151B0 /* CreateAccountView.swift */ = {isa = PBXFileReference; lastKnownFileType = sourcecode.swift; path = CreateAccountView.swift; sourceTree = "<group>"; };
		63D17FC52BAC458C00F151B0 /* PartOneOfRegistrationForm.swift */ = {isa = PBXFileReference; lastKnownFileType = sourcecode.swift; path = PartOneOfRegistrationForm.swift; sourceTree = "<group>"; };
		63D17FC72BAC45A300F151B0 /* PartTwoOfRegistrationForm.swift */ = {isa = PBXFileReference; lastKnownFileType = sourcecode.swift; path = PartTwoOfRegistrationForm.swift; sourceTree = "<group>"; };
		63E8A6122B9D8FDB00428ECF /* SearchBar.swift */ = {isa = PBXFileReference; lastKnownFileType = sourcecode.swift; path = SearchBar.swift; sourceTree = "<group>"; };
		63E8A6142B9D9E5800428ECF /* TestDataForDebug.swift */ = {isa = PBXFileReference; lastKnownFileType = sourcecode.swift; path = TestDataForDebug.swift; sourceTree = "<group>"; };
		63E8A6182B9DA19500428ECF /* CircleImageForm.swift */ = {isa = PBXFileReference; lastKnownFileType = sourcecode.swift; path = CircleImageForm.swift; sourceTree = "<group>"; };
		63E8A61A2B9DA50800428ECF /* ProfileItemsForm.swift */ = {isa = PBXFileReference; lastKnownFileType = sourcecode.swift; path = ProfileItemsForm.swift; sourceTree = "<group>"; };
		63E8A61C2B9DAAC400428ECF /* CvView.swift */ = {isa = PBXFileReference; lastKnownFileType = sourcecode.swift; path = CvView.swift; sourceTree = "<group>"; };
		63E8A61E2B9DAAD800428ECF /* CvPresenter.swift */ = {isa = PBXFileReference; lastKnownFileType = sourcecode.swift; path = CvPresenter.swift; sourceTree = "<group>"; };
		63E8A6202B9DAAE500428ECF /* CvEntity.swift */ = {isa = PBXFileReference; lastKnownFileType = sourcecode.swift; path = CvEntity.swift; sourceTree = "<group>"; };
		63E8A6222B9DAAF400428ECF /* CvInteractor.swift */ = {isa = PBXFileReference; lastKnownFileType = sourcecode.swift; path = CvInteractor.swift; sourceTree = "<group>"; };
/* End PBXFileReference section */

/* Begin PBXFrameworksBuildPhase section */
		63A911952B9B3897008C272E /* Frameworks */ = {
			isa = PBXFrameworksBuildPhase;
			buildActionMask = 2147483647;
			files = (
			);
			runOnlyForDeploymentPostprocessing = 0;
		};
/* End PBXFrameworksBuildPhase section */

/* Begin PBXGroup section */
		6322FDAC2B9DCB3F00B47DB3 /* Forms */ = {
			isa = PBXGroup;
			children = (
				6322FDAD2B9DCB5E00B47DB3 /* CvDetailView.swift */,
				6322FDB32B9DD16400B47DB3 /* CvUpdateView.swift */,
				6322FDBB2B9DDCCA00B47DB3 /* CvCreateView.swift */,
				6322FDAF2B9DCB7600B47DB3 /* CvOverForm.swift */,
				6322FDB12B9DCB9000B47DB3 /* CvScrollInfoForm.swift */,
				6322FDB52B9DD1A200B47DB3 /* CvListOfTextFields_Bindable.swift */,
				6322FDB92B9DD89A00B47DB3 /* CvListOfTextFields_Binding.swift */,
			);
			path = Forms;
			sourceTree = "<group>";
		};
		6322FDBD2B9EA72B00B47DB3 /* SupportModule */ = {
			isa = PBXGroup;
			children = (
				6322FDBE2B9EA73D00B47DB3 /* SupportView.swift */,
				6322FDC02B9EA74A00B47DB3 /* SupportPresenter.swift */,
				6322FDC22B9EA75400B47DB3 /* SupportInteractor.swift */,
				6322FDC42B9EA76500B47DB3 /* SupportEntity.swift */,
			);
			path = SupportModule;
			sourceTree = "<group>";
		};
		633149692B9C815A00484CB4 /* ProfileModule */ = {
			isa = PBXGroup;
			children = (
				6331496B2B9C817700484CB4 /* ProfileView.swift */,
				6331496D2B9C819000484CB4 /* ProfilePresenter.swift */,
				6331496F2B9C819A00484CB4 /* ProfileEntity.swift */,
				633149712B9C81A600484CB4 /* ProfileInteractor.swift */,
				63E8A6162B9DA08400428ECF /* Forms */,
			);
			path = ProfileModule;
			sourceTree = "<group>";
		};
		6331496A2B9C816B00484CB4 /* ResponsesModule */ = {
			isa = PBXGroup;
			children = (
				633149732B9C81F000484CB4 /* ResponsesView.swift */,
			);
			path = ResponsesModule;
			sourceTree = "<group>";
		};
		6331497B2B9C82C600484CB4 /* Forms */ = {
			isa = PBXGroup;
			children = (
				6309FA112B9C878C00DB4E63 /* VacancyDetailView.swift */,
				6309FA132B9C87BD00DB4E63 /* VacancyOverView.swift */,
				6309FA152B9C88BD00DB4E63 /* VacancyScrollInfoForm.swift */,
			);
			path = Forms;
			sourceTree = "<group>";
		};
		63A9118F2B9B3897008C272E = {
			isa = PBXGroup;
			children = (
				63A9119A2B9B3897008C272E /* StudentAPP_version_0.1 */,
				63A911992B9B3897008C272E /* Products */,
			);
			sourceTree = "<group>";
		};
		63A911992B9B3897008C272E /* Products */ = {
			isa = PBXGroup;
			children = (
				63A911982B9B3897008C272E /* StudentAPP_version_0.1.app */,
			);
			name = Products;
			sourceTree = "<group>";
		};
		63A9119A2B9B3897008C272E /* StudentAPP_version_0.1 */ = {
			isa = PBXGroup;
			children = (
				63A911C52B9C5B63008C272E /* StudentAPP-version-0-1-Info.plist */,
				63A9119B2B9B3897008C272E /* StudentAPP_version_0_1App.swift */,
				63D17FBD2BAAE94D00F151B0 /* example.swift */,
				63A911AC2B9B3D55008C272E /* Router.swift */,
				63A911B52B9B416F008C272E /* RootView.swift */,
				6322FDBD2B9EA72B00B47DB3 /* SupportModule */,
				63A911BE2B9C4FC8008C272E /* CommonModule */,
				63E8A6172B9DA0B400428ECF /* CvModule */,
				633149692B9C815A00484CB4 /* ProfileModule */,
				6331496A2B9C816B00484CB4 /* ResponsesModule */,
				63A911BD2B9C4EE7008C272E /* VacancyBoardModule */,
				63A911A92B9B39A8008C272E /* EnterModule */,
				63A9119F2B9B3899008C272E /* Assets.xcassets */,
				63A911A12B9B3899008C272E /* Preview Content */,
			);
			path = StudentAPP_version_0.1;
			sourceTree = "<group>";
		};
		63A911A12B9B3899008C272E /* Preview Content */ = {
			isa = PBXGroup;
			children = (
				63A911A22B9B3899008C272E /* Preview Assets.xcassets */,
			);
			path = "Preview Content";
			sourceTree = "<group>";
		};
		63A911A92B9B39A8008C272E /* EnterModule */ = {
			isa = PBXGroup;
			children = (
				63A911AE2B9B3E04008C272E /* AuthView.swift */,
				63A911B32B9B3E60008C272E /* AuthPresenter.swift */,
				63A911AA2B9B39BC008C272E /* AuthEntity.swift */,
				63A911B12B9B3E2F008C272E /* AuthInteractor.swift */,
				63A911B02B9B3E07008C272E /* Forms */,
			);
			path = EnterModule;
			sourceTree = "<group>";
		};
		63A911B02B9B3E07008C272E /* Forms */ = {
			isa = PBXGroup;
			children = (
				63A911B72B9B48FD008C272E /* LogInView.swift */,
				63A911B92B9B4907008C272E /* RegistrationView.swift */,
				63A911C12B9C5443008C272E /* LoginRoundedRectangleForm.swift */,
				63A911C32B9C5494008C272E /* CustomTextFieldForm.swift */,
				63D17FC32BAC440300F151B0 /* CreateAccountView.swift */,
				63D17FC52BAC458C00F151B0 /* PartOneOfRegistrationForm.swift */,
				63D17FC72BAC45A300F151B0 /* PartTwoOfRegistrationForm.swift */,
			);
			path = Forms;
			sourceTree = "<group>";
		};
		63A911BD2B9C4EE7008C272E /* VacancyBoardModule */ = {
			isa = PBXGroup;
			children = (
				63A911BB2B9C46E6008C272E /* VacancyBoardView.swift */,
				633149752B9C829C00484CB4 /* VacancyBoardPresenter.swift */,
				633149792B9C82BC00484CB4 /* VacancyBoardInteracrot.swift */,
				633149772B9C82B000484CB4 /* VacancyBoardEntity.swift */,
				6331497B2B9C82C600484CB4 /* Forms */,
			);
			path = VacancyBoardModule;
			sourceTree = "<group>";
		};
		63A911BE2B9C4FC8008C272E /* CommonModule */ = {
			isa = PBXGroup;
			children = (
				633149672B9C7FF100484CB4 /* MainTabView.swift */,
				63D17FBF2BAC262F00F151B0 /* Extensions.swift */,
				63D17FC12BAC41FD00F151B0 /* DropDownMenuView.swift */,
				63A911BF2B9C4FD8008C272E /* UserStateManager.swift */,
				63E8A6182B9DA19500428ECF /* CircleImageForm.swift */,
				63E8A6122B9D8FDB00428ECF /* SearchBar.swift */,
				6322FDB72B9DD50E00B47DB3 /* CustomTextField.swift */,
				63E8A6142B9D9E5800428ECF /* TestDataForDebug.swift */,
			);
			path = CommonModule;
			sourceTree = "<group>";
		};
		63E8A6162B9DA08400428ECF /* Forms */ = {
			isa = PBXGroup;
			children = (
				63E8A61A2B9DA50800428ECF /* ProfileItemsForm.swift */,
			);
			path = Forms;
			sourceTree = "<group>";
		};
		63E8A6172B9DA0B400428ECF /* CvModule */ = {
			isa = PBXGroup;
			children = (
				63E8A61C2B9DAAC400428ECF /* CvView.swift */,
				63E8A61E2B9DAAD800428ECF /* CvPresenter.swift */,
				63E8A6202B9DAAE500428ECF /* CvEntity.swift */,
				63E8A6222B9DAAF400428ECF /* CvInteractor.swift */,
				6322FDAC2B9DCB3F00B47DB3 /* Forms */,
			);
			path = CvModule;
			sourceTree = "<group>";
		};
/* End PBXGroup section */

/* Begin PBXNativeTarget section */
		63A911972B9B3897008C272E /* StudentAPP_version_0.1 */ = {
			isa = PBXNativeTarget;
			buildConfigurationList = 63A911A62B9B3899008C272E /* Build configuration list for PBXNativeTarget "StudentAPP_version_0.1" */;
			buildPhases = (
				63A911942B9B3897008C272E /* Sources */,
				63A911952B9B3897008C272E /* Frameworks */,
				63A911962B9B3897008C272E /* Resources */,
			);
			buildRules = (
			);
			dependencies = (
			);
			name = StudentAPP_version_0.1;
			productName = StudentAPP_version_0.1;
			productReference = 63A911982B9B3897008C272E /* StudentAPP_version_0.1.app */;
			productType = "com.apple.product-type.application";
		};
/* End PBXNativeTarget section */

/* Begin PBXProject section */
		63A911902B9B3897008C272E /* Project object */ = {
			isa = PBXProject;
			attributes = {
				BuildIndependentTargetsInParallel = 1;
				LastSwiftUpdateCheck = 1500;
				LastUpgradeCheck = 1500;
				TargetAttributes = {
					63A911972B9B3897008C272E = {
						CreatedOnToolsVersion = 15.0.1;
					};
				};
			};
			buildConfigurationList = 63A911932B9B3897008C272E /* Build configuration list for PBXProject "StudentAPP_version_0.1" */;
			compatibilityVersion = "Xcode 14.0";
			developmentRegion = en;
			hasScannedForEncodings = 0;
			knownRegions = (
				en,
				Base,
			);
			mainGroup = 63A9118F2B9B3897008C272E;
			productRefGroup = 63A911992B9B3897008C272E /* Products */;
			projectDirPath = "";
			projectRoot = "";
			targets = (
				63A911972B9B3897008C272E /* StudentAPP_version_0.1 */,
			);
		};
/* End PBXProject section */

/* Begin PBXResourcesBuildPhase section */
		63A911962B9B3897008C272E /* Resources */ = {
			isa = PBXResourcesBuildPhase;
			buildActionMask = 2147483647;
			files = (
				63A911A32B9B3899008C272E /* Preview Assets.xcassets in Resources */,
				63A911A02B9B3899008C272E /* Assets.xcassets in Resources */,
			);
			runOnlyForDeploymentPostprocessing = 0;
		};
/* End PBXResourcesBuildPhase section */

/* Begin PBXSourcesBuildPhase section */
		63A911942B9B3897008C272E /* Sources */ = {
			isa = PBXSourcesBuildPhase;
			buildActionMask = 2147483647;
			files = (
				633149742B9C81F000484CB4 /* ResponsesView.swift in Sources */,
				6331497A2B9C82BC00484CB4 /* VacancyBoardInteracrot.swift in Sources */,
				63E8A61B2B9DA50800428ECF /* ProfileItemsForm.swift in Sources */,
				6322FDBF2B9EA73D00B47DB3 /* SupportView.swift in Sources */,
				633149782B9C82B000484CB4 /* VacancyBoardEntity.swift in Sources */,
				63D17FC82BAC45A300F151B0 /* PartTwoOfRegistrationForm.swift in Sources */,
				6322FDC32B9EA75400B47DB3 /* SupportInteractor.swift in Sources */,
				6322FDB82B9DD50E00B47DB3 /* CustomTextField.swift in Sources */,
				63A911B62B9B416F008C272E /* RootView.swift in Sources */,
				63E8A6192B9DA19500428ECF /* CircleImageForm.swift in Sources */,
				6309FA142B9C87BD00DB4E63 /* VacancyOverView.swift in Sources */,
				63A911AD2B9B3D55008C272E /* Router.swift in Sources */,
				6322FDBC2B9DDCCA00B47DB3 /* CvCreateView.swift in Sources */,
				63A911B42B9B3E60008C272E /* AuthPresenter.swift in Sources */,
				63A911AF2B9B3E04008C272E /* AuthView.swift in Sources */,
				6322FDC52B9EA76500B47DB3 /* SupportEntity.swift in Sources */,
				6309FA122B9C878C00DB4E63 /* VacancyDetailView.swift in Sources */,
				6322FDC12B9EA74A00B47DB3 /* SupportPresenter.swift in Sources */,
				63E8A6232B9DAAF400428ECF /* CvInteractor.swift in Sources */,
				63E8A6152B9D9E5800428ECF /* TestDataForDebug.swift in Sources */,
				63A911B22B9B3E2F008C272E /* AuthInteractor.swift in Sources */,
				63A911C02B9C4FD8008C272E /* UserStateManager.swift in Sources */,
				63A911B82B9B48FD008C272E /* LogInView.swift in Sources */,
				63E8A61D2B9DAAC400428ECF /* CvView.swift in Sources */,
				6331496C2B9C817700484CB4 /* ProfileView.swift in Sources */,
				63D17FC42BAC440300F151B0 /* CreateAccountView.swift in Sources */,
				63A911C42B9C5494008C272E /* CustomTextFieldForm.swift in Sources */,
				63E8A6132B9D8FDB00428ECF /* SearchBar.swift in Sources */,
				63A9119C2B9B3897008C272E /* StudentAPP_version_0_1App.swift in Sources */,
				6331496E2B9C819000484CB4 /* ProfilePresenter.swift in Sources */,
				63A911AB2B9B39BC008C272E /* AuthEntity.swift in Sources */,
				63A911C22B9C5443008C272E /* LoginRoundedRectangleForm.swift in Sources */,
				63D17FC22BAC41FD00F151B0 /* DropDownMenuView.swift in Sources */,
				63E8A6212B9DAAE500428ECF /* CvEntity.swift in Sources */,
				633149682B9C7FF100484CB4 /* MainTabView.swift in Sources */,
				6322FDBA2B9DD89A00B47DB3 /* CvListOfTextFields_Binding.swift in Sources */,
				6322FDB62B9DD1A300B47DB3 /* CvListOfTextFields_Bindable.swift in Sources */,
				63A911BA2B9B4907008C272E /* RegistrationView.swift in Sources */,
				63D17FC62BAC458C00F151B0 /* PartOneOfRegistrationForm.swift in Sources */,
				6322FDAE2B9DCB5E00B47DB3 /* CvDetailView.swift in Sources */,
				6322FDB22B9DCB9000B47DB3 /* CvScrollInfoForm.swift in Sources */,
				6322FDB02B9DCB7600B47DB3 /* CvOverForm.swift in Sources */,
				633149702B9C819A00484CB4 /* ProfileEntity.swift in Sources */,
				633149722B9C81A600484CB4 /* ProfileInteractor.swift in Sources */,
				6309FA162B9C88BD00DB4E63 /* VacancyScrollInfoForm.swift in Sources */,
				63A911BC2B9C46E6008C272E /* VacancyBoardView.swift in Sources */,
				63E8A61F2B9DAAD800428ECF /* CvPresenter.swift in Sources */,
				63D17FC02BAC262F00F151B0 /* Extensions.swift in Sources */,
				6322FDB42B9DD16400B47DB3 /* CvUpdateView.swift in Sources */,
				63D17FBE2BAAE94D00F151B0 /* example.swift in Sources */,
				633149762B9C829C00484CB4 /* VacancyBoardPresenter.swift in Sources */,
			);
			runOnlyForDeploymentPostprocessing = 0;
		};
/* End PBXSourcesBuildPhase section */

/* Begin XCBuildConfiguration section */
		63A911A42B9B3899008C272E /* Debug */ = {
			isa = XCBuildConfiguration;
			buildSettings = {
				ALWAYS_SEARCH_USER_PATHS = NO;
				ASSETCATALOG_COMPILER_GENERATE_SWIFT_ASSET_SYMBOL_EXTENSIONS = YES;
				CLANG_ANALYZER_NONNULL = YES;
				CLANG_ANALYZER_NUMBER_OBJECT_CONVERSION = YES_AGGRESSIVE;
				CLANG_CXX_LANGUAGE_STANDARD = "gnu++20";
				CLANG_ENABLE_MODULES = YES;
				CLANG_ENABLE_OBJC_ARC = YES;
				CLANG_ENABLE_OBJC_WEAK = YES;
				CLANG_WARN_BLOCK_CAPTURE_AUTORELEASING = YES;
				CLANG_WARN_BOOL_CONVERSION = YES;
				CLANG_WARN_COMMA = YES;
				CLANG_WARN_CONSTANT_CONVERSION = YES;
				CLANG_WARN_DEPRECATED_OBJC_IMPLEMENTATIONS = YES;
				CLANG_WARN_DIRECT_OBJC_ISA_USAGE = YES_ERROR;
				CLANG_WARN_DOCUMENTATION_COMMENTS = YES;
				CLANG_WARN_EMPTY_BODY = YES;
				CLANG_WARN_ENUM_CONVERSION = YES;
				CLANG_WARN_INFINITE_RECURSION = YES;
				CLANG_WARN_INT_CONVERSION = YES;
				CLANG_WARN_NON_LITERAL_NULL_CONVERSION = YES;
				CLANG_WARN_OBJC_IMPLICIT_RETAIN_SELF = YES;
				CLANG_WARN_OBJC_LITERAL_CONVERSION = YES;
				CLANG_WARN_OBJC_ROOT_CLASS = YES_ERROR;
				CLANG_WARN_QUOTED_INCLUDE_IN_FRAMEWORK_HEADER = YES;
				CLANG_WARN_RANGE_LOOP_ANALYSIS = YES;
				CLANG_WARN_STRICT_PROTOTYPES = YES;
				CLANG_WARN_SUSPICIOUS_MOVE = YES;
				CLANG_WARN_UNGUARDED_AVAILABILITY = YES_AGGRESSIVE;
				CLANG_WARN_UNREACHABLE_CODE = YES;
				CLANG_WARN__DUPLICATE_METHOD_MATCH = YES;
				COPY_PHASE_STRIP = NO;
				DEBUG_INFORMATION_FORMAT = dwarf;
				ENABLE_STRICT_OBJC_MSGSEND = YES;
				ENABLE_TESTABILITY = YES;
				ENABLE_USER_SCRIPT_SANDBOXING = YES;
				GCC_C_LANGUAGE_STANDARD = gnu17;
				GCC_DYNAMIC_NO_PIC = NO;
				GCC_NO_COMMON_BLOCKS = YES;
				GCC_OPTIMIZATION_LEVEL = 0;
				GCC_PREPROCESSOR_DEFINITIONS = (
					"DEBUG=1",
					"$(inherited)",
				);
				GCC_WARN_64_TO_32_BIT_CONVERSION = YES;
				GCC_WARN_ABOUT_RETURN_TYPE = YES_ERROR;
				GCC_WARN_UNDECLARED_SELECTOR = YES;
				GCC_WARN_UNINITIALIZED_AUTOS = YES_AGGRESSIVE;
				GCC_WARN_UNUSED_FUNCTION = YES;
				GCC_WARN_UNUSED_VARIABLE = YES;
				IPHONEOS_DEPLOYMENT_TARGET = 17.0;
				LOCALIZATION_PREFERS_STRING_CATALOGS = YES;
				MTL_ENABLE_DEBUG_INFO = INCLUDE_SOURCE;
				MTL_FAST_MATH = YES;
				ONLY_ACTIVE_ARCH = YES;
				SDKROOT = iphoneos;
				SWIFT_ACTIVE_COMPILATION_CONDITIONS = "DEBUG $(inherited)";
				SWIFT_OPTIMIZATION_LEVEL = "-Onone";
			};
			name = Debug;
		};
		63A911A52B9B3899008C272E /* Release */ = {
			isa = XCBuildConfiguration;
			buildSettings = {
				ALWAYS_SEARCH_USER_PATHS = NO;
				ASSETCATALOG_COMPILER_GENERATE_SWIFT_ASSET_SYMBOL_EXTENSIONS = YES;
				CLANG_ANALYZER_NONNULL = YES;
				CLANG_ANALYZER_NUMBER_OBJECT_CONVERSION = YES_AGGRESSIVE;
				CLANG_CXX_LANGUAGE_STANDARD = "gnu++20";
				CLANG_ENABLE_MODULES = YES;
				CLANG_ENABLE_OBJC_ARC = YES;
				CLANG_ENABLE_OBJC_WEAK = YES;
				CLANG_WARN_BLOCK_CAPTURE_AUTORELEASING = YES;
				CLANG_WARN_BOOL_CONVERSION = YES;
				CLANG_WARN_COMMA = YES;
				CLANG_WARN_CONSTANT_CONVERSION = YES;
				CLANG_WARN_DEPRECATED_OBJC_IMPLEMENTATIONS = YES;
				CLANG_WARN_DIRECT_OBJC_ISA_USAGE = YES_ERROR;
				CLANG_WARN_DOCUMENTATION_COMMENTS = YES;
				CLANG_WARN_EMPTY_BODY = YES;
				CLANG_WARN_ENUM_CONVERSION = YES;
				CLANG_WARN_INFINITE_RECURSION = YES;
				CLANG_WARN_INT_CONVERSION = YES;
				CLANG_WARN_NON_LITERAL_NULL_CONVERSION = YES;
				CLANG_WARN_OBJC_IMPLICIT_RETAIN_SELF = YES;
				CLANG_WARN_OBJC_LITERAL_CONVERSION = YES;
				CLANG_WARN_OBJC_ROOT_CLASS = YES_ERROR;
				CLANG_WARN_QUOTED_INCLUDE_IN_FRAMEWORK_HEADER = YES;
				CLANG_WARN_RANGE_LOOP_ANALYSIS = YES;
				CLANG_WARN_STRICT_PROTOTYPES = YES;
				CLANG_WARN_SUSPICIOUS_MOVE = YES;
				CLANG_WARN_UNGUARDED_AVAILABILITY = YES_AGGRESSIVE;
				CLANG_WARN_UNREACHABLE_CODE = YES;
				CLANG_WARN__DUPLICATE_METHOD_MATCH = YES;
				COPY_PHASE_STRIP = NO;
				DEBUG_INFORMATION_FORMAT = "dwarf-with-dsym";
				ENABLE_NS_ASSERTIONS = NO;
				ENABLE_STRICT_OBJC_MSGSEND = YES;
				ENABLE_USER_SCRIPT_SANDBOXING = YES;
				GCC_C_LANGUAGE_STANDARD = gnu17;
				GCC_NO_COMMON_BLOCKS = YES;
				GCC_WARN_64_TO_32_BIT_CONVERSION = YES;
				GCC_WARN_ABOUT_RETURN_TYPE = YES_ERROR;
				GCC_WARN_UNDECLARED_SELECTOR = YES;
				GCC_WARN_UNINITIALIZED_AUTOS = YES_AGGRESSIVE;
				GCC_WARN_UNUSED_FUNCTION = YES;
				GCC_WARN_UNUSED_VARIABLE = YES;
				IPHONEOS_DEPLOYMENT_TARGET = 17.0;
				LOCALIZATION_PREFERS_STRING_CATALOGS = YES;
				MTL_ENABLE_DEBUG_INFO = NO;
				MTL_FAST_MATH = YES;
				SDKROOT = iphoneos;
				SWIFT_COMPILATION_MODE = wholemodule;
				VALIDATE_PRODUCT = YES;
			};
			name = Release;
		};
		63A911A72B9B3899008C272E /* Debug */ = {
			isa = XCBuildConfiguration;
			buildSettings = {
				ASSETCATALOG_COMPILER_APPICON_NAME = AppIcon;
				ASSETCATALOG_COMPILER_GLOBAL_ACCENT_COLOR_NAME = AccentColor;
				CODE_SIGN_STYLE = Automatic;
				CURRENT_PROJECT_VERSION = 1;
				DEVELOPMENT_ASSET_PATHS = "\"StudentAPP_version_0.1/Preview Content\"";
				DEVELOPMENT_TEAM = 944K4M9L9M;
				ENABLE_PREVIEWS = YES;
				GENERATE_INFOPLIST_FILE = YES;
				INFOPLIST_FILE = "StudentAPP-version-0-1-Info.plist";
				INFOPLIST_KEY_UIApplicationSceneManifest_Generation = YES;
				INFOPLIST_KEY_UIApplicationSupportsIndirectInputEvents = YES;
				INFOPLIST_KEY_UILaunchScreen_Generation = YES;
				INFOPLIST_KEY_UISupportedInterfaceOrientations_iPad = "UIInterfaceOrientationPortrait UIInterfaceOrientationPortraitUpsideDown UIInterfaceOrientationLandscapeLeft UIInterfaceOrientationLandscapeRight";
				INFOPLIST_KEY_UISupportedInterfaceOrientations_iPhone = "UIInterfaceOrientationPortrait UIInterfaceOrientationLandscapeLeft UIInterfaceOrientationLandscapeRight";
				LD_RUNPATH_SEARCH_PATHS = (
					"$(inherited)",
					"@executable_path/Frameworks",
				);
				MARKETING_VERSION = 1.0;
				PRODUCT_BUNDLE_IDENTIFIER = "kpfu.StudentAPP-version-0-1";
				PRODUCT_NAME = "$(TARGET_NAME)";
				SWIFT_EMIT_LOC_STRINGS = YES;
				SWIFT_VERSION = 5.0;
				TARGETED_DEVICE_FAMILY = "1,2";
			};
			name = Debug;
		};
		63A911A82B9B3899008C272E /* Release */ = {
			isa = XCBuildConfiguration;
			buildSettings = {
				ASSETCATALOG_COMPILER_APPICON_NAME = AppIcon;
				ASSETCATALOG_COMPILER_GLOBAL_ACCENT_COLOR_NAME = AccentColor;
				CODE_SIGN_STYLE = Automatic;
				CURRENT_PROJECT_VERSION = 1;
				DEVELOPMENT_ASSET_PATHS = "\"StudentAPP_version_0.1/Preview Content\"";
				DEVELOPMENT_TEAM = 944K4M9L9M;
				ENABLE_PREVIEWS = YES;
				GENERATE_INFOPLIST_FILE = YES;
				INFOPLIST_FILE = "StudentAPP-version-0-1-Info.plist";
				INFOPLIST_KEY_UIApplicationSceneManifest_Generation = YES;
				INFOPLIST_KEY_UIApplicationSupportsIndirectInputEvents = YES;
				INFOPLIST_KEY_UILaunchScreen_Generation = YES;
				INFOPLIST_KEY_UISupportedInterfaceOrientations_iPad = "UIInterfaceOrientationPortrait UIInterfaceOrientationPortraitUpsideDown UIInterfaceOrientationLandscapeLeft UIInterfaceOrientationLandscapeRight";
				INFOPLIST_KEY_UISupportedInterfaceOrientations_iPhone = "UIInterfaceOrientationPortrait UIInterfaceOrientationLandscapeLeft UIInterfaceOrientationLandscapeRight";
				LD_RUNPATH_SEARCH_PATHS = (
					"$(inherited)",
					"@executable_path/Frameworks",
				);
				MARKETING_VERSION = 1.0;
				PRODUCT_BUNDLE_IDENTIFIER = "kpfu.StudentAPP-version-0-1";
				PRODUCT_NAME = "$(TARGET_NAME)";
				SWIFT_EMIT_LOC_STRINGS = YES;
				SWIFT_VERSION = 5.0;
				TARGETED_DEVICE_FAMILY = "1,2";
			};
			name = Release;
		};
/* End XCBuildConfiguration section */

/* Begin XCConfigurationList section */
		63A911932B9B3897008C272E /* Build configuration list for PBXProject "StudentAPP_version_0.1" */ = {
			isa = XCConfigurationList;
			buildConfigurations = (
				63A911A42B9B3899008C272E /* Debug */,
				63A911A52B9B3899008C272E /* Release */,
			);
			defaultConfigurationIsVisible = 0;
			defaultConfigurationName = Release;
		};
		63A911A62B9B3899008C272E /* Build configuration list for PBXNativeTarget "StudentAPP_version_0.1" */ = {
			isa = XCConfigurationList;
			buildConfigurations = (
				63A911A72B9B3899008C272E /* Debug */,
				63A911A82B9B3899008C272E /* Release */,
			);
			defaultConfigurationIsVisible = 0;
			defaultConfigurationName = Release;
		};
/* End XCConfigurationList section */
	};
	rootObject = 63A911902B9B3897008C272E /* Project object */;
}
