// !$*UTF8*$!
{
	archiveVersion = 1;
	classes = {
	};
	objectVersion = 56;
	objects = {

/* Begin PBXBuildFile section */
		6383A5C92BDD85B000F530EB /* StudentAPP_version_0_2App.swift in Sources */ = {isa = PBXBuildFile; fileRef = 6383A5C82BDD85B000F530EB /* StudentAPP_version_0_2App.swift */; };
		6383A5CD2BDD85B100F530EB /* Assets.xcassets in Resources */ = {isa = PBXBuildFile; fileRef = 6383A5CC2BDD85B100F530EB /* Assets.xcassets */; };
		6383A5D02BDD85B100F530EB /* Preview Assets.xcassets in Resources */ = {isa = PBXBuildFile; fileRef = 6383A5CF2BDD85B100F530EB /* Preview Assets.xcassets */; };
		6383A5D72BDD866700F530EB /* GoogleService-Info.plist in Resources */ = {isa = PBXBuildFile; fileRef = 6383A5D62BDD866700F530EB /* GoogleService-Info.plist */; };
		6383A5DC2BDD874500F530EB /* FirebaseAnalytics in Frameworks */ = {isa = PBXBuildFile; productRef = 6383A5DB2BDD874500F530EB /* FirebaseAnalytics */; };
		6383A5DE2BDD874500F530EB /* FirebaseAnalyticsOnDeviceConversion in Frameworks */ = {isa = PBXBuildFile; productRef = 6383A5DD2BDD874500F530EB /* FirebaseAnalyticsOnDeviceConversion */; };
		6383A5E02BDD874500F530EB /* FirebaseAnalyticsSwift in Frameworks */ = {isa = PBXBuildFile; productRef = 6383A5DF2BDD874500F530EB /* FirebaseAnalyticsSwift */; };
		6383A5E22BDD874500F530EB /* FirebaseAnalyticsWithoutAdIdSupport in Frameworks */ = {isa = PBXBuildFile; productRef = 6383A5E12BDD874500F530EB /* FirebaseAnalyticsWithoutAdIdSupport */; };
		6383A5E42BDD874500F530EB /* FirebaseAppCheck in Frameworks */ = {isa = PBXBuildFile; productRef = 6383A5E32BDD874500F530EB /* FirebaseAppCheck */; };
		6383A5E62BDD87E800F530EB /* ViewFactory.swift in Sources */ = {isa = PBXBuildFile; fileRef = 6383A5E52BDD87E800F530EB /* ViewFactory.swift */; };
		6383A5E92BDD892300F530EB /* CreateAccountView.swift in Sources */ = {isa = PBXBuildFile; fileRef = 6383A5E82BDD892300F530EB /* CreateAccountView.swift */; };
		6383A5EC2BDD894B00F530EB /* CreateAccountViewBuilder.swift in Sources */ = {isa = PBXBuildFile; fileRef = 6383A5EB2BDD894B00F530EB /* CreateAccountViewBuilder.swift */; };
		6383A5F02BDD89A300F530EB /* IntroductionView.swift in Sources */ = {isa = PBXBuildFile; fileRef = 6383A5EF2BDD89A300F530EB /* IntroductionView.swift */; };
		6383A5F22BDD89D500F530EB /* SignInView.swift in Sources */ = {isa = PBXBuildFile; fileRef = 6383A5F12BDD89D500F530EB /* SignInView.swift */; };
		6383A5F42BDD89E100F530EB /* SignInViewBuilder.swift in Sources */ = {isa = PBXBuildFile; fileRef = 6383A5F32BDD89E100F530EB /* SignInViewBuilder.swift */; };
		6383A5F62BDD8D5B00F530EB /* UserStateManager.swift in Sources */ = {isa = PBXBuildFile; fileRef = 6383A5F52BDD8D5B00F530EB /* UserStateManager.swift */; };
		6383A5F92BDD8E4200F530EB /* FirebaseFirestore in Frameworks */ = {isa = PBXBuildFile; productRef = 6383A5F82BDD8E4200F530EB /* FirebaseFirestore */; };
		6383A5FB2BDD8E4A00F530EB /* FirebaseFirestoreSwift in Frameworks */ = {isa = PBXBuildFile; productRef = 6383A5FA2BDD8E4A00F530EB /* FirebaseFirestoreSwift */; };
		6383A5FD2BDD8EAA00F530EB /* FirebaseAuth in Frameworks */ = {isa = PBXBuildFile; productRef = 6383A5FC2BDD8EAA00F530EB /* FirebaseAuth */; };
		6383A5FF2BDD927D00F530EB /* IntroductionViewBuilder.swift in Sources */ = {isa = PBXBuildFile; fileRef = 6383A5FE2BDD927D00F530EB /* IntroductionViewBuilder.swift */; };
		6383A6032BDD936F00F530EB /* NavigationBackButton.swift in Sources */ = {isa = PBXBuildFile; fileRef = 6383A6022BDD936F00F530EB /* NavigationBackButton.swift */; };
		6383A6062BDD97C100F530EB /* SignInViewModel.swift in Sources */ = {isa = PBXBuildFile; fileRef = 6383A6052BDD97C100F530EB /* SignInViewModel.swift */; };
		6383A6092BDD981200F530EB /* CreateAccountViewModel.swift in Sources */ = {isa = PBXBuildFile; fileRef = 6383A6082BDD981200F530EB /* CreateAccountViewModel.swift */; };
		6383A60C2BDD9BC600F530EB /* FIOEnterField.swift in Sources */ = {isa = PBXBuildFile; fileRef = 6383A60B2BDD9BC600F530EB /* FIOEnterField.swift */; };
		6383A60E2BDD9C0C00F530EB /* SecuredEnterField.swift in Sources */ = {isa = PBXBuildFile; fileRef = 6383A60D2BDD9C0C00F530EB /* SecuredEnterField.swift */; };
		6383A6112BDD9F3800F530EB /* MainTextField.swift in Sources */ = {isa = PBXBuildFile; fileRef = 6383A6102BDD9F3800F530EB /* MainTextField.swift */; };
		6383A6152BDDA12800F530EB /* DataConstants.swift in Sources */ = {isa = PBXBuildFile; fileRef = 6383A6142BDDA12800F530EB /* DataConstants.swift */; };
		6383A6182BDDA16700F530EB /* DropDownMenuView.swift in Sources */ = {isa = PBXBuildFile; fileRef = 6383A6172BDDA16700F530EB /* DropDownMenuView.swift */; };
		6383A61B2BDDA2CA00F530EB /* SignInUserData.swift in Sources */ = {isa = PBXBuildFile; fileRef = 6383A61A2BDDA2CA00F530EB /* SignInUserData.swift */; };
		6383A61E2BDDA2DF00F530EB /* CreateAccountUserData.swift in Sources */ = {isa = PBXBuildFile; fileRef = 6383A61D2BDDA2DF00F530EB /* CreateAccountUserData.swift */; };
		6383A6202BDDA37500F530EB /* Enums.swift in Sources */ = {isa = PBXBuildFile; fileRef = 6383A61F2BDDA37500F530EB /* Enums.swift */; };
		6383A6222BDDA78100F530EB /* SignInEnterDataForm.swift in Sources */ = {isa = PBXBuildFile; fileRef = 6383A6212BDDA78100F530EB /* SignInEnterDataForm.swift */; };
		6383A6262BDDAE4F00F530EB /* Title4Text.swift in Sources */ = {isa = PBXBuildFile; fileRef = 6383A6252BDDAE4F00F530EB /* Title4Text.swift */; };
		6383A6282BDDAF9E00F530EB /* TabText.swift in Sources */ = {isa = PBXBuildFile; fileRef = 6383A6272BDDAF9E00F530EB /* TabText.swift */; };
		6383A62A2BDDAFCC00F530EB /* CustomSizeText.swift in Sources */ = {isa = PBXBuildFile; fileRef = 6383A6292BDDAFCC00F530EB /* CustomSizeText.swift */; };
		6383A62C2BDDB26900F530EB /* Title1Text.swift in Sources */ = {isa = PBXBuildFile; fileRef = 6383A62B2BDDB26900F530EB /* Title1Text.swift */; };
/* End PBXBuildFile section */

/* Begin PBXFileReference section */
		6383A5C52BDD85B000F530EB /* StudentAPP_version_0.2.app */ = {isa = PBXFileReference; explicitFileType = wrapper.application; includeInIndex = 0; path = StudentAPP_version_0.2.app; sourceTree = BUILT_PRODUCTS_DIR; };
		6383A5C82BDD85B000F530EB /* StudentAPP_version_0_2App.swift */ = {isa = PBXFileReference; lastKnownFileType = sourcecode.swift; path = StudentAPP_version_0_2App.swift; sourceTree = "<group>"; };
		6383A5CC2BDD85B100F530EB /* Assets.xcassets */ = {isa = PBXFileReference; lastKnownFileType = folder.assetcatalog; path = Assets.xcassets; sourceTree = "<group>"; };
		6383A5CF2BDD85B100F530EB /* Preview Assets.xcassets */ = {isa = PBXFileReference; lastKnownFileType = folder.assetcatalog; path = "Preview Assets.xcassets"; sourceTree = "<group>"; };
		6383A5D62BDD866700F530EB /* GoogleService-Info.plist */ = {isa = PBXFileReference; fileEncoding = 4; lastKnownFileType = text.plist.xml; path = "GoogleService-Info.plist"; sourceTree = "<group>"; };
		6383A5E52BDD87E800F530EB /* ViewFactory.swift */ = {isa = PBXFileReference; lastKnownFileType = sourcecode.swift; path = ViewFactory.swift; sourceTree = "<group>"; };
		6383A5E82BDD892300F530EB /* CreateAccountView.swift */ = {isa = PBXFileReference; lastKnownFileType = sourcecode.swift; path = CreateAccountView.swift; sourceTree = "<group>"; };
		6383A5EB2BDD894B00F530EB /* CreateAccountViewBuilder.swift */ = {isa = PBXFileReference; lastKnownFileType = sourcecode.swift; path = CreateAccountViewBuilder.swift; sourceTree = "<group>"; };
		6383A5EF2BDD89A300F530EB /* IntroductionView.swift */ = {isa = PBXFileReference; lastKnownFileType = sourcecode.swift; path = IntroductionView.swift; sourceTree = "<group>"; };
		6383A5F12BDD89D500F530EB /* SignInView.swift */ = {isa = PBXFileReference; lastKnownFileType = sourcecode.swift; path = SignInView.swift; sourceTree = "<group>"; };
		6383A5F32BDD89E100F530EB /* SignInViewBuilder.swift */ = {isa = PBXFileReference; lastKnownFileType = sourcecode.swift; path = SignInViewBuilder.swift; sourceTree = "<group>"; };
		6383A5F52BDD8D5B00F530EB /* UserStateManager.swift */ = {isa = PBXFileReference; lastKnownFileType = sourcecode.swift; path = UserStateManager.swift; sourceTree = "<group>"; };
		6383A5FE2BDD927D00F530EB /* IntroductionViewBuilder.swift */ = {isa = PBXFileReference; lastKnownFileType = sourcecode.swift; path = IntroductionViewBuilder.swift; sourceTree = "<group>"; };
		6383A6022BDD936F00F530EB /* NavigationBackButton.swift */ = {isa = PBXFileReference; lastKnownFileType = sourcecode.swift; path = NavigationBackButton.swift; sourceTree = "<group>"; };
		6383A6052BDD97C100F530EB /* SignInViewModel.swift */ = {isa = PBXFileReference; lastKnownFileType = sourcecode.swift; path = SignInViewModel.swift; sourceTree = "<group>"; };
		6383A6082BDD981200F530EB /* CreateAccountViewModel.swift */ = {isa = PBXFileReference; lastKnownFileType = sourcecode.swift; path = CreateAccountViewModel.swift; sourceTree = "<group>"; };
		6383A60B2BDD9BC600F530EB /* FIOEnterField.swift */ = {isa = PBXFileReference; lastKnownFileType = sourcecode.swift; path = FIOEnterField.swift; sourceTree = "<group>"; };
		6383A60D2BDD9C0C00F530EB /* SecuredEnterField.swift */ = {isa = PBXFileReference; lastKnownFileType = sourcecode.swift; path = SecuredEnterField.swift; sourceTree = "<group>"; };
		6383A6102BDD9F3800F530EB /* MainTextField.swift */ = {isa = PBXFileReference; lastKnownFileType = sourcecode.swift; path = MainTextField.swift; sourceTree = "<group>"; };
		6383A6142BDDA12800F530EB /* DataConstants.swift */ = {isa = PBXFileReference; lastKnownFileType = sourcecode.swift; path = DataConstants.swift; sourceTree = "<group>"; };
		6383A6172BDDA16700F530EB /* DropDownMenuView.swift */ = {isa = PBXFileReference; lastKnownFileType = sourcecode.swift; path = DropDownMenuView.swift; sourceTree = "<group>"; };
		6383A61A2BDDA2CA00F530EB /* SignInUserData.swift */ = {isa = PBXFileReference; lastKnownFileType = sourcecode.swift; path = SignInUserData.swift; sourceTree = "<group>"; };
		6383A61D2BDDA2DF00F530EB /* CreateAccountUserData.swift */ = {isa = PBXFileReference; lastKnownFileType = sourcecode.swift; path = CreateAccountUserData.swift; sourceTree = "<group>"; };
		6383A61F2BDDA37500F530EB /* Enums.swift */ = {isa = PBXFileReference; lastKnownFileType = sourcecode.swift; path = Enums.swift; sourceTree = "<group>"; };
		6383A6212BDDA78100F530EB /* SignInEnterDataForm.swift */ = {isa = PBXFileReference; lastKnownFileType = sourcecode.swift; path = SignInEnterDataForm.swift; sourceTree = "<group>"; };
		6383A6252BDDAE4F00F530EB /* Title4Text.swift */ = {isa = PBXFileReference; lastKnownFileType = sourcecode.swift; path = Title4Text.swift; sourceTree = "<group>"; };
		6383A6272BDDAF9E00F530EB /* TabText.swift */ = {isa = PBXFileReference; lastKnownFileType = sourcecode.swift; path = TabText.swift; sourceTree = "<group>"; };
		6383A6292BDDAFCC00F530EB /* CustomSizeText.swift */ = {isa = PBXFileReference; lastKnownFileType = sourcecode.swift; path = CustomSizeText.swift; sourceTree = "<group>"; };
		6383A62B2BDDB26900F530EB /* Title1Text.swift */ = {isa = PBXFileReference; lastKnownFileType = sourcecode.swift; path = Title1Text.swift; sourceTree = "<group>"; };
/* End PBXFileReference section */

/* Begin PBXFrameworksBuildPhase section */
		6383A5C22BDD85B000F530EB /* Frameworks */ = {
			isa = PBXFrameworksBuildPhase;
			buildActionMask = 2147483647;
			files = (
				6383A5E02BDD874500F530EB /* FirebaseAnalyticsSwift in Frameworks */,
				6383A5DC2BDD874500F530EB /* FirebaseAnalytics in Frameworks */,
				6383A5DE2BDD874500F530EB /* FirebaseAnalyticsOnDeviceConversion in Frameworks */,
				6383A5FB2BDD8E4A00F530EB /* FirebaseFirestoreSwift in Frameworks */,
				6383A5E42BDD874500F530EB /* FirebaseAppCheck in Frameworks */,
				6383A5E22BDD874500F530EB /* FirebaseAnalyticsWithoutAdIdSupport in Frameworks */,
				6383A5F92BDD8E4200F530EB /* FirebaseFirestore in Frameworks */,
				6383A5FD2BDD8EAA00F530EB /* FirebaseAuth in Frameworks */,
			);
			runOnlyForDeploymentPostprocessing = 0;
		};
/* End PBXFrameworksBuildPhase section */

/* Begin PBXGroup section */
		6383A5BC2BDD85AF00F530EB = {
			isa = PBXGroup;
			children = (
				6383A5C72BDD85B000F530EB /* StudentAPP_version_0.2 */,
				6383A5C62BDD85B000F530EB /* Products */,
				6383A5F72BDD8E4200F530EB /* Frameworks */,
			);
			sourceTree = "<group>";
		};
		6383A5C62BDD85B000F530EB /* Products */ = {
			isa = PBXGroup;
			children = (
				6383A5C52BDD85B000F530EB /* StudentAPP_version_0.2.app */,
			);
			name = Products;
			sourceTree = "<group>";
		};
		6383A5C72BDD85B000F530EB /* StudentAPP_version_0.2 */ = {
			isa = PBXGroup;
			children = (
				6383A5C82BDD85B000F530EB /* StudentAPP_version_0_2App.swift */,
				6383A5E52BDD87E800F530EB /* ViewFactory.swift */,
				6383A5F52BDD8D5B00F530EB /* UserStateManager.swift */,
				6383A6122BDDA0FB00F530EB /* Constants */,
				6383A6002BDD933B00F530EB /* UIComponents */,
				6383A5E72BDD88CC00F530EB /* Views */,
				6383A5CC2BDD85B100F530EB /* Assets.xcassets */,
				6383A5D62BDD866700F530EB /* GoogleService-Info.plist */,
				6383A5CE2BDD85B100F530EB /* Preview Content */,
			);
			path = StudentAPP_version_0.2;
			sourceTree = "<group>";
		};
		6383A5CE2BDD85B100F530EB /* Preview Content */ = {
			isa = PBXGroup;
			children = (
				6383A5CF2BDD85B100F530EB /* Preview Assets.xcassets */,
			);
			path = "Preview Content";
			sourceTree = "<group>";
		};
		6383A5E72BDD88CC00F530EB /* Views */ = {
			isa = PBXGroup;
			children = (
				6383A5EE2BDD898E00F530EB /* Introduction */,
				6383A5ED2BDD897A00F530EB /* SignIn */,
				6383A5EA2BDD892800F530EB /* CreateAccount */,
			);
			path = Views;
			sourceTree = "<group>";
		};
		6383A5EA2BDD892800F530EB /* CreateAccount */ = {
			isa = PBXGroup;
			children = (
				6383A5EB2BDD894B00F530EB /* CreateAccountViewBuilder.swift */,
				6383A61C2BDDA2CE00F530EB /* Model */,
				6383A60A2BDD9AFE00F530EB /* View */,
				6383A6072BDD97FE00F530EB /* ViewModel */,
			);
			path = CreateAccount;
			sourceTree = "<group>";
		};
		6383A5ED2BDD897A00F530EB /* SignIn */ = {
			isa = PBXGroup;
			children = (
				6383A5F32BDD89E100F530EB /* SignInViewBuilder.swift */,
				6383A6232BDDA9F100F530EB /* View */,
				6383A6192BDDA29A00F530EB /* Model */,
				6383A6042BDD97AA00F530EB /* ViewModel */,
			);
			path = SignIn;
			sourceTree = "<group>";
		};
		6383A5EE2BDD898E00F530EB /* Introduction */ = {
			isa = PBXGroup;
			children = (
				6383A5EF2BDD89A300F530EB /* IntroductionView.swift */,
				6383A5FE2BDD927D00F530EB /* IntroductionViewBuilder.swift */,
			);
			path = Introduction;
			sourceTree = "<group>";
		};
		6383A5F72BDD8E4200F530EB /* Frameworks */ = {
			isa = PBXGroup;
			children = (
			);
			name = Frameworks;
			sourceTree = "<group>";
		};
		6383A6002BDD933B00F530EB /* UIComponents */ = {
			isa = PBXGroup;
			children = (
				6383A6242BDDAE3D00F530EB /* TextViews */,
				6383A6162BDDA15300F530EB /* DropDownMenu */,
				6383A60F2BDD9F1F00F530EB /* TextFields */,
				6383A6012BDD935F00F530EB /* Icon */,
			);
			path = UIComponents;
			sourceTree = "<group>";
		};
		6383A6012BDD935F00F530EB /* Icon */ = {
			isa = PBXGroup;
			children = (
				6383A6022BDD936F00F530EB /* NavigationBackButton.swift */,
			);
			path = Icon;
			sourceTree = "<group>";
		};
		6383A6042BDD97AA00F530EB /* ViewModel */ = {
			isa = PBXGroup;
			children = (
				6383A6052BDD97C100F530EB /* SignInViewModel.swift */,
			);
			path = ViewModel;
			sourceTree = "<group>";
		};
		6383A6072BDD97FE00F530EB /* ViewModel */ = {
			isa = PBXGroup;
			children = (
				6383A6082BDD981200F530EB /* CreateAccountViewModel.swift */,
			);
			path = ViewModel;
			sourceTree = "<group>";
		};
		6383A60A2BDD9AFE00F530EB /* View */ = {
			isa = PBXGroup;
			children = (
				6383A5E82BDD892300F530EB /* CreateAccountView.swift */,
				6383A60B2BDD9BC600F530EB /* FIOEnterField.swift */,
				6383A60D2BDD9C0C00F530EB /* SecuredEnterField.swift */,
			);
			path = View;
			sourceTree = "<group>";
		};
		6383A60F2BDD9F1F00F530EB /* TextFields */ = {
			isa = PBXGroup;
			children = (
				6383A6102BDD9F3800F530EB /* MainTextField.swift */,
			);
			path = TextFields;
			sourceTree = "<group>";
		};
		6383A6122BDDA0FB00F530EB /* Constants */ = {
			isa = PBXGroup;
			children = (
				6383A6132BDDA10500F530EB /* DataConstants */,
			);
			path = Constants;
			sourceTree = "<group>";
		};
		6383A6132BDDA10500F530EB /* DataConstants */ = {
			isa = PBXGroup;
			children = (
				6383A6142BDDA12800F530EB /* DataConstants.swift */,
				6383A61F2BDDA37500F530EB /* Enums.swift */,
			);
			path = DataConstants;
			sourceTree = "<group>";
		};
		6383A6162BDDA15300F530EB /* DropDownMenu */ = {
			isa = PBXGroup;
			children = (
				6383A6172BDDA16700F530EB /* DropDownMenuView.swift */,
			);
			path = DropDownMenu;
			sourceTree = "<group>";
		};
		6383A6192BDDA29A00F530EB /* Model */ = {
			isa = PBXGroup;
			children = (
				6383A61A2BDDA2CA00F530EB /* SignInUserData.swift */,
			);
			path = Model;
			sourceTree = "<group>";
		};
		6383A61C2BDDA2CE00F530EB /* Model */ = {
			isa = PBXGroup;
			children = (
				6383A61D2BDDA2DF00F530EB /* CreateAccountUserData.swift */,
			);
			path = Model;
			sourceTree = "<group>";
		};
		6383A6232BDDA9F100F530EB /* View */ = {
			isa = PBXGroup;
			children = (
				6383A5F12BDD89D500F530EB /* SignInView.swift */,
				6383A6212BDDA78100F530EB /* SignInEnterDataForm.swift */,
			);
			path = View;
			sourceTree = "<group>";
		};
		6383A6242BDDAE3D00F530EB /* TextViews */ = {
			isa = PBXGroup;
			children = (
				6383A6252BDDAE4F00F530EB /* Title4Text.swift */,
				6383A62B2BDDB26900F530EB /* Title1Text.swift */,
				6383A6272BDDAF9E00F530EB /* TabText.swift */,
				6383A6292BDDAFCC00F530EB /* CustomSizeText.swift */,
			);
			path = TextViews;
			sourceTree = "<group>";
		};
/* End PBXGroup section */

/* Begin PBXNativeTarget section */
		6383A5C42BDD85B000F530EB /* StudentAPP_version_0.2 */ = {
			isa = PBXNativeTarget;
			buildConfigurationList = 6383A5D32BDD85B100F530EB /* Build configuration list for PBXNativeTarget "StudentAPP_version_0.2" */;
			buildPhases = (
				6383A5C12BDD85B000F530EB /* Sources */,
				6383A5C22BDD85B000F530EB /* Frameworks */,
				6383A5C32BDD85B000F530EB /* Resources */,
			);
			buildRules = (
			);
			dependencies = (
			);
			name = StudentAPP_version_0.2;
			packageProductDependencies = (
				6383A5DB2BDD874500F530EB /* FirebaseAnalytics */,
				6383A5DD2BDD874500F530EB /* FirebaseAnalyticsOnDeviceConversion */,
				6383A5DF2BDD874500F530EB /* FirebaseAnalyticsSwift */,
				6383A5E12BDD874500F530EB /* FirebaseAnalyticsWithoutAdIdSupport */,
				6383A5E32BDD874500F530EB /* FirebaseAppCheck */,
				6383A5F82BDD8E4200F530EB /* FirebaseFirestore */,
				6383A5FA2BDD8E4A00F530EB /* FirebaseFirestoreSwift */,
				6383A5FC2BDD8EAA00F530EB /* FirebaseAuth */,
			);
			productName = StudentAPP_version_0.2;
			productReference = 6383A5C52BDD85B000F530EB /* StudentAPP_version_0.2.app */;
			productType = "com.apple.product-type.application";
		};
/* End PBXNativeTarget section */

/* Begin PBXProject section */
		6383A5BD2BDD85B000F530EB /* Project object */ = {
			isa = PBXProject;
			attributes = {
				BuildIndependentTargetsInParallel = 1;
				LastSwiftUpdateCheck = 1500;
				LastUpgradeCheck = 1500;
				TargetAttributes = {
					6383A5C42BDD85B000F530EB = {
						CreatedOnToolsVersion = 15.0.1;
					};
				};
			};
			buildConfigurationList = 6383A5C02BDD85B000F530EB /* Build configuration list for PBXProject "StudentAPP_version_0.2" */;
			compatibilityVersion = "Xcode 14.0";
			developmentRegion = en;
			hasScannedForEncodings = 0;
			knownRegions = (
				en,
				Base,
			);
			mainGroup = 6383A5BC2BDD85AF00F530EB;
			packageReferences = (
				6383A5DA2BDD874500F530EB /* XCRemoteSwiftPackageReference "firebase-ios-sdk" */,
			);
			productRefGroup = 6383A5C62BDD85B000F530EB /* Products */;
			projectDirPath = "";
			projectRoot = "";
			targets = (
				6383A5C42BDD85B000F530EB /* StudentAPP_version_0.2 */,
			);
		};
/* End PBXProject section */

/* Begin PBXResourcesBuildPhase section */
		6383A5C32BDD85B000F530EB /* Resources */ = {
			isa = PBXResourcesBuildPhase;
			buildActionMask = 2147483647;
			files = (
				6383A5D02BDD85B100F530EB /* Preview Assets.xcassets in Resources */,
				6383A5CD2BDD85B100F530EB /* Assets.xcassets in Resources */,
				6383A5D72BDD866700F530EB /* GoogleService-Info.plist in Resources */,
			);
			runOnlyForDeploymentPostprocessing = 0;
		};
/* End PBXResourcesBuildPhase section */

/* Begin PBXSourcesBuildPhase section */
		6383A5C12BDD85B000F530EB /* Sources */ = {
			isa = PBXSourcesBuildPhase;
			buildActionMask = 2147483647;
			files = (
				6383A6222BDDA78100F530EB /* SignInEnterDataForm.swift in Sources */,
				6383A5F22BDD89D500F530EB /* SignInView.swift in Sources */,
				6383A5E62BDD87E800F530EB /* ViewFactory.swift in Sources */,
				6383A6202BDDA37500F530EB /* Enums.swift in Sources */,
				6383A5F62BDD8D5B00F530EB /* UserStateManager.swift in Sources */,
				6383A5C92BDD85B000F530EB /* StudentAPP_version_0_2App.swift in Sources */,
				6383A6262BDDAE4F00F530EB /* Title4Text.swift in Sources */,
				6383A6182BDDA16700F530EB /* DropDownMenuView.swift in Sources */,
				6383A61E2BDDA2DF00F530EB /* CreateAccountUserData.swift in Sources */,
				6383A6092BDD981200F530EB /* CreateAccountViewModel.swift in Sources */,
				6383A62A2BDDAFCC00F530EB /* CustomSizeText.swift in Sources */,
				6383A6152BDDA12800F530EB /* DataConstants.swift in Sources */,
				6383A5E92BDD892300F530EB /* CreateAccountView.swift in Sources */,
				6383A6112BDD9F3800F530EB /* MainTextField.swift in Sources */,
				6383A5F42BDD89E100F530EB /* SignInViewBuilder.swift in Sources */,
				6383A61B2BDDA2CA00F530EB /* SignInUserData.swift in Sources */,
				6383A6282BDDAF9E00F530EB /* TabText.swift in Sources */,
				6383A62C2BDDB26900F530EB /* Title1Text.swift in Sources */,
				6383A5F02BDD89A300F530EB /* IntroductionView.swift in Sources */,
				6383A5FF2BDD927D00F530EB /* IntroductionViewBuilder.swift in Sources */,
				6383A60E2BDD9C0C00F530EB /* SecuredEnterField.swift in Sources */,
				6383A6062BDD97C100F530EB /* SignInViewModel.swift in Sources */,
				6383A6032BDD936F00F530EB /* NavigationBackButton.swift in Sources */,
				6383A60C2BDD9BC600F530EB /* FIOEnterField.swift in Sources */,
				6383A5EC2BDD894B00F530EB /* CreateAccountViewBuilder.swift in Sources */,
			);
			runOnlyForDeploymentPostprocessing = 0;
		};
/* End PBXSourcesBuildPhase section */

/* Begin XCBuildConfiguration section */
		6383A5D12BDD85B100F530EB /* Debug */ = {
			isa = XCBuildConfiguration;
			buildSettings = {
				ALWAYS_SEARCH_USER_PATHS = NO;
				ASSETCATALOG_COMPILER_GENERATE_SWIFT_ASSET_SYMBOL_EXTENSIONS = YES;
				CLANG_ANALYZER_NONNULL = YES;
				CLANG_ANALYZER_NUMBER_OBJECT_CONVERSION = YES_AGGRESSIVE;
				CLANG_CXX_LANGUAGE_STANDARD = "gnu++20";
				CLANG_ENABLE_MODULES = YES;
				CLANG_ENABLE_OBJC_ARC = YES;
				CLANG_ENABLE_OBJC_WEAK = YES;
				CLANG_WARN_BLOCK_CAPTURE_AUTORELEASING = YES;
				CLANG_WARN_BOOL_CONVERSION = YES;
				CLANG_WARN_COMMA = YES;
				CLANG_WARN_CONSTANT_CONVERSION = YES;
				CLANG_WARN_DEPRECATED_OBJC_IMPLEMENTATIONS = YES;
				CLANG_WARN_DIRECT_OBJC_ISA_USAGE = YES_ERROR;
				CLANG_WARN_DOCUMENTATION_COMMENTS = YES;
				CLANG_WARN_EMPTY_BODY = YES;
				CLANG_WARN_ENUM_CONVERSION = YES;
				CLANG_WARN_INFINITE_RECURSION = YES;
				CLANG_WARN_INT_CONVERSION = YES;
				CLANG_WARN_NON_LITERAL_NULL_CONVERSION = YES;
				CLANG_WARN_OBJC_IMPLICIT_RETAIN_SELF = YES;
				CLANG_WARN_OBJC_LITERAL_CONVERSION = YES;
				CLANG_WARN_OBJC_ROOT_CLASS = YES_ERROR;
				CLANG_WARN_QUOTED_INCLUDE_IN_FRAMEWORK_HEADER = YES;
				CLANG_WARN_RANGE_LOOP_ANALYSIS = YES;
				CLANG_WARN_STRICT_PROTOTYPES = YES;
				CLANG_WARN_SUSPICIOUS_MOVE = YES;
				CLANG_WARN_UNGUARDED_AVAILABILITY = YES_AGGRESSIVE;
				CLANG_WARN_UNREACHABLE_CODE = YES;
				CLANG_WARN__DUPLICATE_METHOD_MATCH = YES;
				COPY_PHASE_STRIP = NO;
				DEBUG_INFORMATION_FORMAT = dwarf;
				ENABLE_STRICT_OBJC_MSGSEND = YES;
				ENABLE_TESTABILITY = YES;
				ENABLE_USER_SCRIPT_SANDBOXING = YES;
				GCC_C_LANGUAGE_STANDARD = gnu17;
				GCC_DYNAMIC_NO_PIC = NO;
				GCC_NO_COMMON_BLOCKS = YES;
				GCC_OPTIMIZATION_LEVEL = 0;
				GCC_PREPROCESSOR_DEFINITIONS = (
					"DEBUG=1",
					"$(inherited)",
				);
				GCC_WARN_64_TO_32_BIT_CONVERSION = YES;
				GCC_WARN_ABOUT_RETURN_TYPE = YES_ERROR;
				GCC_WARN_UNDECLARED_SELECTOR = YES;
				GCC_WARN_UNINITIALIZED_AUTOS = YES_AGGRESSIVE;
				GCC_WARN_UNUSED_FUNCTION = YES;
				GCC_WARN_UNUSED_VARIABLE = YES;
				IPHONEOS_DEPLOYMENT_TARGET = 17.0;
				LOCALIZATION_PREFERS_STRING_CATALOGS = YES;
				MTL_ENABLE_DEBUG_INFO = INCLUDE_SOURCE;
				MTL_FAST_MATH = YES;
				ONLY_ACTIVE_ARCH = YES;
				SDKROOT = iphoneos;
				SWIFT_ACTIVE_COMPILATION_CONDITIONS = "DEBUG $(inherited)";
				SWIFT_OPTIMIZATION_LEVEL = "-Onone";
			};
			name = Debug;
		};
		6383A5D22BDD85B100F530EB /* Release */ = {
			isa = XCBuildConfiguration;
			buildSettings = {
				ALWAYS_SEARCH_USER_PATHS = NO;
				ASSETCATALOG_COMPILER_GENERATE_SWIFT_ASSET_SYMBOL_EXTENSIONS = YES;
				CLANG_ANALYZER_NONNULL = YES;
				CLANG_ANALYZER_NUMBER_OBJECT_CONVERSION = YES_AGGRESSIVE;
				CLANG_CXX_LANGUAGE_STANDARD = "gnu++20";
				CLANG_ENABLE_MODULES = YES;
				CLANG_ENABLE_OBJC_ARC = YES;
				CLANG_ENABLE_OBJC_WEAK = YES;
				CLANG_WARN_BLOCK_CAPTURE_AUTORELEASING = YES;
				CLANG_WARN_BOOL_CONVERSION = YES;
				CLANG_WARN_COMMA = YES;
				CLANG_WARN_CONSTANT_CONVERSION = YES;
				CLANG_WARN_DEPRECATED_OBJC_IMPLEMENTATIONS = YES;
				CLANG_WARN_DIRECT_OBJC_ISA_USAGE = YES_ERROR;
				CLANG_WARN_DOCUMENTATION_COMMENTS = YES;
				CLANG_WARN_EMPTY_BODY = YES;
				CLANG_WARN_ENUM_CONVERSION = YES;
				CLANG_WARN_INFINITE_RECURSION = YES;
				CLANG_WARN_INT_CONVERSION = YES;
				CLANG_WARN_NON_LITERAL_NULL_CONVERSION = YES;
				CLANG_WARN_OBJC_IMPLICIT_RETAIN_SELF = YES;
				CLANG_WARN_OBJC_LITERAL_CONVERSION = YES;
				CLANG_WARN_OBJC_ROOT_CLASS = YES_ERROR;
				CLANG_WARN_QUOTED_INCLUDE_IN_FRAMEWORK_HEADER = YES;
				CLANG_WARN_RANGE_LOOP_ANALYSIS = YES;
				CLANG_WARN_STRICT_PROTOTYPES = YES;
				CLANG_WARN_SUSPICIOUS_MOVE = YES;
				CLANG_WARN_UNGUARDED_AVAILABILITY = YES_AGGRESSIVE;
				CLANG_WARN_UNREACHABLE_CODE = YES;
				CLANG_WARN__DUPLICATE_METHOD_MATCH = YES;
				COPY_PHASE_STRIP = NO;
				DEBUG_INFORMATION_FORMAT = "dwarf-with-dsym";
				ENABLE_NS_ASSERTIONS = NO;
				ENABLE_STRICT_OBJC_MSGSEND = YES;
				ENABLE_USER_SCRIPT_SANDBOXING = YES;
				GCC_C_LANGUAGE_STANDARD = gnu17;
				GCC_NO_COMMON_BLOCKS = YES;
				GCC_WARN_64_TO_32_BIT_CONVERSION = YES;
				GCC_WARN_ABOUT_RETURN_TYPE = YES_ERROR;
				GCC_WARN_UNDECLARED_SELECTOR = YES;
				GCC_WARN_UNINITIALIZED_AUTOS = YES_AGGRESSIVE;
				GCC_WARN_UNUSED_FUNCTION = YES;
				GCC_WARN_UNUSED_VARIABLE = YES;
				IPHONEOS_DEPLOYMENT_TARGET = 17.0;
				LOCALIZATION_PREFERS_STRING_CATALOGS = YES;
				MTL_ENABLE_DEBUG_INFO = NO;
				MTL_FAST_MATH = YES;
				SDKROOT = iphoneos;
				SWIFT_COMPILATION_MODE = wholemodule;
				VALIDATE_PRODUCT = YES;
			};
			name = Release;
		};
		6383A5D42BDD85B100F530EB /* Debug */ = {
			isa = XCBuildConfiguration;
			buildSettings = {
				ASSETCATALOG_COMPILER_APPICON_NAME = AppIcon;
				ASSETCATALOG_COMPILER_GLOBAL_ACCENT_COLOR_NAME = AccentColor;
				CODE_SIGN_STYLE = Automatic;
				CURRENT_PROJECT_VERSION = 1;
				DEVELOPMENT_ASSET_PATHS = "\"StudentAPP_version_0.2/Preview Content\"";
				DEVELOPMENT_TEAM = 944K4M9L9M;
				ENABLE_PREVIEWS = YES;
				GENERATE_INFOPLIST_FILE = YES;
				INFOPLIST_KEY_UIApplicationSceneManifest_Generation = YES;
				INFOPLIST_KEY_UIApplicationSupportsIndirectInputEvents = YES;
				INFOPLIST_KEY_UILaunchScreen_Generation = YES;
				INFOPLIST_KEY_UISupportedInterfaceOrientations_iPad = "UIInterfaceOrientationPortrait UIInterfaceOrientationPortraitUpsideDown UIInterfaceOrientationLandscapeLeft UIInterfaceOrientationLandscapeRight";
				INFOPLIST_KEY_UISupportedInterfaceOrientations_iPhone = "UIInterfaceOrientationPortrait UIInterfaceOrientationLandscapeLeft UIInterfaceOrientationLandscapeRight";
				LD_RUNPATH_SEARCH_PATHS = (
					"$(inherited)",
					"@executable_path/Frameworks",
				);
				MARKETING_VERSION = 1.0;
				PRODUCT_BUNDLE_IDENTIFIER = "kpfu.StudentAPP-version-0-2";
				PRODUCT_NAME = "$(TARGET_NAME)";
				SWIFT_EMIT_LOC_STRINGS = YES;
				SWIFT_VERSION = 5.0;
				TARGETED_DEVICE_FAMILY = "1,2";
			};
			name = Debug;
		};
		6383A5D52BDD85B100F530EB /* Release */ = {
			isa = XCBuildConfiguration;
			buildSettings = {
				ASSETCATALOG_COMPILER_APPICON_NAME = AppIcon;
				ASSETCATALOG_COMPILER_GLOBAL_ACCENT_COLOR_NAME = AccentColor;
				CODE_SIGN_STYLE = Automatic;
				CURRENT_PROJECT_VERSION = 1;
				DEVELOPMENT_ASSET_PATHS = "\"StudentAPP_version_0.2/Preview Content\"";
				DEVELOPMENT_TEAM = 944K4M9L9M;
				ENABLE_PREVIEWS = YES;
				GENERATE_INFOPLIST_FILE = YES;
				INFOPLIST_KEY_UIApplicationSceneManifest_Generation = YES;
				INFOPLIST_KEY_UIApplicationSupportsIndirectInputEvents = YES;
				INFOPLIST_KEY_UILaunchScreen_Generation = YES;
				INFOPLIST_KEY_UISupportedInterfaceOrientations_iPad = "UIInterfaceOrientationPortrait UIInterfaceOrientationPortraitUpsideDown UIInterfaceOrientationLandscapeLeft UIInterfaceOrientationLandscapeRight";
				INFOPLIST_KEY_UISupportedInterfaceOrientations_iPhone = "UIInterfaceOrientationPortrait UIInterfaceOrientationLandscapeLeft UIInterfaceOrientationLandscapeRight";
				LD_RUNPATH_SEARCH_PATHS = (
					"$(inherited)",
					"@executable_path/Frameworks",
				);
				MARKETING_VERSION = 1.0;
				PRODUCT_BUNDLE_IDENTIFIER = "kpfu.StudentAPP-version-0-2";
				PRODUCT_NAME = "$(TARGET_NAME)";
				SWIFT_EMIT_LOC_STRINGS = YES;
				SWIFT_VERSION = 5.0;
				TARGETED_DEVICE_FAMILY = "1,2";
			};
			name = Release;
		};
/* End XCBuildConfiguration section */

/* Begin XCConfigurationList section */
		6383A5C02BDD85B000F530EB /* Build configuration list for PBXProject "StudentAPP_version_0.2" */ = {
			isa = XCConfigurationList;
			buildConfigurations = (
				6383A5D12BDD85B100F530EB /* Debug */,
				6383A5D22BDD85B100F530EB /* Release */,
			);
			defaultConfigurationIsVisible = 0;
			defaultConfigurationName = Release;
		};
		6383A5D32BDD85B100F530EB /* Build configuration list for PBXNativeTarget "StudentAPP_version_0.2" */ = {
			isa = XCConfigurationList;
			buildConfigurations = (
				6383A5D42BDD85B100F530EB /* Debug */,
				6383A5D52BDD85B100F530EB /* Release */,
			);
			defaultConfigurationIsVisible = 0;
			defaultConfigurationName = Release;
		};
/* End XCConfigurationList section */

/* Begin XCRemoteSwiftPackageReference section */
		6383A5DA2BDD874500F530EB /* XCRemoteSwiftPackageReference "firebase-ios-sdk" */ = {
			isa = XCRemoteSwiftPackageReference;
			repositoryURL = "https://github.com/firebase/firebase-ios-sdk";
			requirement = {
				kind = upToNextMajorVersion;
				minimumVersion = 10.24.0;
			};
		};
/* End XCRemoteSwiftPackageReference section */

/* Begin XCSwiftPackageProductDependency section */
		6383A5DB2BDD874500F530EB /* FirebaseAnalytics */ = {
			isa = XCSwiftPackageProductDependency;
			package = 6383A5DA2BDD874500F530EB /* XCRemoteSwiftPackageReference "firebase-ios-sdk" */;
			productName = FirebaseAnalytics;
		};
		6383A5DD2BDD874500F530EB /* FirebaseAnalyticsOnDeviceConversion */ = {
			isa = XCSwiftPackageProductDependency;
			package = 6383A5DA2BDD874500F530EB /* XCRemoteSwiftPackageReference "firebase-ios-sdk" */;
			productName = FirebaseAnalyticsOnDeviceConversion;
		};
		6383A5DF2BDD874500F530EB /* FirebaseAnalyticsSwift */ = {
			isa = XCSwiftPackageProductDependency;
			package = 6383A5DA2BDD874500F530EB /* XCRemoteSwiftPackageReference "firebase-ios-sdk" */;
			productName = FirebaseAnalyticsSwift;
		};
		6383A5E12BDD874500F530EB /* FirebaseAnalyticsWithoutAdIdSupport */ = {
			isa = XCSwiftPackageProductDependency;
			package = 6383A5DA2BDD874500F530EB /* XCRemoteSwiftPackageReference "firebase-ios-sdk" */;
			productName = FirebaseAnalyticsWithoutAdIdSupport;
		};
		6383A5E32BDD874500F530EB /* FirebaseAppCheck */ = {
			isa = XCSwiftPackageProductDependency;
			package = 6383A5DA2BDD874500F530EB /* XCRemoteSwiftPackageReference "firebase-ios-sdk" */;
			productName = FirebaseAppCheck;
		};
		6383A5F82BDD8E4200F530EB /* FirebaseFirestore */ = {
			isa = XCSwiftPackageProductDependency;
			package = 6383A5DA2BDD874500F530EB /* XCRemoteSwiftPackageReference "firebase-ios-sdk" */;
			productName = FirebaseFirestore;
		};
		6383A5FA2BDD8E4A00F530EB /* FirebaseFirestoreSwift */ = {
			isa = XCSwiftPackageProductDependency;
			package = 6383A5DA2BDD874500F530EB /* XCRemoteSwiftPackageReference "firebase-ios-sdk" */;
			productName = FirebaseFirestoreSwift;
		};
		6383A5FC2BDD8EAA00F530EB /* FirebaseAuth */ = {
			isa = XCSwiftPackageProductDependency;
			package = 6383A5DA2BDD874500F530EB /* XCRemoteSwiftPackageReference "firebase-ios-sdk" */;
			productName = FirebaseAuth;
		};
/* End XCSwiftPackageProductDependency section */
	};
	rootObject = 6383A5BD2BDD85B000F530EB /* Project object */;
}
