// !$*UTF8*$!
{
	archiveVersion = 1;
	classes = {
	};
	objectVersion = 56;
	objects = {

/* Begin PBXBuildFile section */
		6310DC6E2AD298E600673527 /* CustomTextFieldView.swift in Sources */ = {isa = PBXBuildFile; fileRef = 6310DC6D2AD298E600673527 /* CustomTextFieldView.swift */; };
		6310DC702AD2C40A00673527 /* LogInViewModel.swift in Sources */ = {isa = PBXBuildFile; fileRef = 6310DC6F2AD2C40A00673527 /* LogInViewModel.swift */; };
		6310DC722AD2D56200673527 /* LoginRoundedRectangleView.swift in Sources */ = {isa = PBXBuildFile; fileRef = 6310DC712AD2D56200673527 /* LoginRoundedRectangleView.swift */; };
		6311618C2AD471D100F41E07 /* StudentFullNameView.swift in Sources */ = {isa = PBXBuildFile; fileRef = 6311618B2AD471D100F41E07 /* StudentFullNameView.swift */; };
		6311618E2AD475CF00F41E07 /* StudentPositionView.swift in Sources */ = {isa = PBXBuildFile; fileRef = 6311618D2AD475CF00F41E07 /* StudentPositionView.swift */; };
		631161902AD4779E00F41E07 /* PasswordView.swift in Sources */ = {isa = PBXBuildFile; fileRef = 6311618F2AD4779E00F41E07 /* PasswordView.swift */; };
		6331BCFB2ACF458C00C80B62 /* LoginView.swift in Sources */ = {isa = PBXBuildFile; fileRef = 6331BCFA2ACF458C00C80B62 /* LoginView.swift */; };
		6331BCFD2ACF459D00C80B62 /* RegistrationView.swift in Sources */ = {isa = PBXBuildFile; fileRef = 6331BCFC2ACF459D00C80B62 /* RegistrationView.swift */; };
		6355AD5E2ADD5E910043753B /* CompanyFullNameView.swift in Sources */ = {isa = PBXBuildFile; fileRef = 6355AD5D2ADD5E910043753B /* CompanyFullNameView.swift */; };
		6355AD612ADD64C60043753B /* CompanyPositionView.swift in Sources */ = {isa = PBXBuildFile; fileRef = 6355AD602ADD64C60043753B /* CompanyPositionView.swift */; };
		638B316A2ADAC1F500688D9B /* MainTabView.swift in Sources */ = {isa = PBXBuildFile; fileRef = 638B31692ADAC1F500688D9B /* MainTabView.swift */; };
		63925FD32AD4360C002AF8E9 /* RoleChose.swift in Sources */ = {isa = PBXBuildFile; fileRef = 63925FD22AD4360C002AF8E9 /* RoleChose.swift */; };
		63925FD52AD43C48002AF8E9 /* RegistrationViewModel.swift in Sources */ = {isa = PBXBuildFile; fileRef = 63925FD42AD43C48002AF8E9 /* RegistrationViewModel.swift */; };
		63925FD72AD47085002AF8E9 /* EnterModel.swift in Sources */ = {isa = PBXBuildFile; fileRef = 63925FD62AD47085002AF8E9 /* EnterModel.swift */; };
		639E9EAD2ACF36D20069DBF3 /* newProjectApp.swift in Sources */ = {isa = PBXBuildFile; fileRef = 639E9EAC2ACF36D20069DBF3 /* newProjectApp.swift */; };
		639E9EAF2ACF36D20069DBF3 /* ContentView.swift in Sources */ = {isa = PBXBuildFile; fileRef = 639E9EAE2ACF36D20069DBF3 /* ContentView.swift */; };
		639E9EB12ACF36D30069DBF3 /* Assets.xcassets in Resources */ = {isa = PBXBuildFile; fileRef = 639E9EB02ACF36D30069DBF3 /* Assets.xcassets */; };
		639E9EB52ACF36D30069DBF3 /* Preview Assets.xcassets in Resources */ = {isa = PBXBuildFile; fileRef = 639E9EB42ACF36D30069DBF3 /* Preview Assets.xcassets */; };
		639E9EBD2ACF38B30069DBF3 /* EnterMainView.swift in Sources */ = {isa = PBXBuildFile; fileRef = 639E9EBC2ACF38B30069DBF3 /* EnterMainView.swift */; };
		63C432C62AD711340074F3C4 /* DropDownMenuView.swift in Sources */ = {isa = PBXBuildFile; fileRef = 63C432C52AD711340074F3C4 /* DropDownMenuView.swift */; };
/* End PBXBuildFile section */

/* Begin PBXFileReference section */
		6310DC6D2AD298E600673527 /* CustomTextFieldView.swift */ = {isa = PBXFileReference; lastKnownFileType = sourcecode.swift; path = CustomTextFieldView.swift; sourceTree = "<group>"; };
		6310DC6F2AD2C40A00673527 /* LogInViewModel.swift */ = {isa = PBXFileReference; lastKnownFileType = sourcecode.swift; path = LogInViewModel.swift; sourceTree = "<group>"; };
		6310DC712AD2D56200673527 /* LoginRoundedRectangleView.swift */ = {isa = PBXFileReference; lastKnownFileType = sourcecode.swift; path = LoginRoundedRectangleView.swift; sourceTree = "<group>"; };
		6311618B2AD471D100F41E07 /* StudentFullNameView.swift */ = {isa = PBXFileReference; lastKnownFileType = sourcecode.swift; path = StudentFullNameView.swift; sourceTree = "<group>"; };
		6311618D2AD475CF00F41E07 /* StudentPositionView.swift */ = {isa = PBXFileReference; lastKnownFileType = sourcecode.swift; path = StudentPositionView.swift; sourceTree = "<group>"; };
		6311618F2AD4779E00F41E07 /* PasswordView.swift */ = {isa = PBXFileReference; lastKnownFileType = sourcecode.swift; path = PasswordView.swift; sourceTree = "<group>"; };
		6331BCFA2ACF458C00C80B62 /* LoginView.swift */ = {isa = PBXFileReference; lastKnownFileType = sourcecode.swift; path = LoginView.swift; sourceTree = "<group>"; };
		6331BCFC2ACF459D00C80B62 /* RegistrationView.swift */ = {isa = PBXFileReference; lastKnownFileType = sourcecode.swift; path = RegistrationView.swift; sourceTree = "<group>"; };
		6355AD5D2ADD5E910043753B /* CompanyFullNameView.swift */ = {isa = PBXFileReference; lastKnownFileType = sourcecode.swift; path = CompanyFullNameView.swift; sourceTree = "<group>"; };
		6355AD602ADD64C60043753B /* CompanyPositionView.swift */ = {isa = PBXFileReference; lastKnownFileType = sourcecode.swift; path = CompanyPositionView.swift; sourceTree = "<group>"; };
		638B31692ADAC1F500688D9B /* MainTabView.swift */ = {isa = PBXFileReference; lastKnownFileType = sourcecode.swift; path = MainTabView.swift; sourceTree = "<group>"; };
		63925FD22AD4360C002AF8E9 /* RoleChose.swift */ = {isa = PBXFileReference; lastKnownFileType = sourcecode.swift; path = RoleChose.swift; sourceTree = "<group>"; };
		63925FD42AD43C48002AF8E9 /* RegistrationViewModel.swift */ = {isa = PBXFileReference; lastKnownFileType = sourcecode.swift; path = RegistrationViewModel.swift; sourceTree = "<group>"; };
		63925FD62AD47085002AF8E9 /* EnterModel.swift */ = {isa = PBXFileReference; lastKnownFileType = sourcecode.swift; path = EnterModel.swift; sourceTree = "<group>"; };
		639E9EA92ACF36D20069DBF3 /* newProject.app */ = {isa = PBXFileReference; explicitFileType = wrapper.application; includeInIndex = 0; path = newProject.app; sourceTree = BUILT_PRODUCTS_DIR; };
		639E9EAC2ACF36D20069DBF3 /* newProjectApp.swift */ = {isa = PBXFileReference; lastKnownFileType = sourcecode.swift; path = newProjectApp.swift; sourceTree = "<group>"; };
		639E9EAE2ACF36D20069DBF3 /* ContentView.swift */ = {isa = PBXFileReference; lastKnownFileType = sourcecode.swift; path = ContentView.swift; sourceTree = "<group>"; };
		639E9EB02ACF36D30069DBF3 /* Assets.xcassets */ = {isa = PBXFileReference; lastKnownFileType = folder.assetcatalog; path = Assets.xcassets; sourceTree = "<group>"; };
		639E9EB22ACF36D30069DBF3 /* newProject.entitlements */ = {isa = PBXFileReference; lastKnownFileType = text.plist.entitlements; path = newProject.entitlements; sourceTree = "<group>"; };
		639E9EB42ACF36D30069DBF3 /* Preview Assets.xcassets */ = {isa = PBXFileReference; lastKnownFileType = folder.assetcatalog; path = "Preview Assets.xcassets"; sourceTree = "<group>"; };
		639E9EBC2ACF38B30069DBF3 /* EnterMainView.swift */ = {isa = PBXFileReference; lastKnownFileType = sourcecode.swift; path = EnterMainView.swift; sourceTree = "<group>"; };
		63C432C52AD711340074F3C4 /* DropDownMenuView.swift */ = {isa = PBXFileReference; lastKnownFileType = sourcecode.swift; path = DropDownMenuView.swift; sourceTree = "<group>"; };
/* End PBXFileReference section */

/* Begin PBXFrameworksBuildPhase section */
		639E9EA62ACF36D20069DBF3 /* Frameworks */ = {
			isa = PBXFrameworksBuildPhase;
			buildActionMask = 2147483647;
			files = (
			);
			runOnlyForDeploymentPostprocessing = 0;
		};
/* End PBXFrameworksBuildPhase section */

/* Begin PBXGroup section */
		6310DC6C2AD298C700673527 /* Views */ = {
			isa = PBXGroup;
			children = (
				63C432C52AD711340074F3C4 /* DropDownMenuView.swift */,
				6310DC6D2AD298E600673527 /* CustomTextFieldView.swift */,
				6310DC712AD2D56200673527 /* LoginRoundedRectangleView.swift */,
				63925FD22AD4360C002AF8E9 /* RoleChose.swift */,
				6311618B2AD471D100F41E07 /* StudentFullNameView.swift */,
				6311618D2AD475CF00F41E07 /* StudentPositionView.swift */,
				6311618F2AD4779E00F41E07 /* PasswordView.swift */,
				6355AD5D2ADD5E910043753B /* CompanyFullNameView.swift */,
				6355AD602ADD64C60043753B /* CompanyPositionView.swift */,
			);
			path = Views;
			sourceTree = "<group>";
		};
		638B31682ADAC1C600688D9B /* MainModule */ = {
			isa = PBXGroup;
			children = (
				638B31692ADAC1F500688D9B /* MainTabView.swift */,
			);
			path = MainModule;
			sourceTree = "<group>";
		};
		639E9EA02ACF36D20069DBF3 = {
			isa = PBXGroup;
			children = (
				639E9EAB2ACF36D20069DBF3 /* newProject */,
				639E9EAA2ACF36D20069DBF3 /* Products */,
			);
			sourceTree = "<group>";
		};
		639E9EAA2ACF36D20069DBF3 /* Products */ = {
			isa = PBXGroup;
			children = (
				639E9EA92ACF36D20069DBF3 /* newProject.app */,
			);
			name = Products;
			sourceTree = "<group>";
		};
		639E9EAB2ACF36D20069DBF3 /* newProject */ = {
			isa = PBXGroup;
			children = (
				639E9EAC2ACF36D20069DBF3 /* newProjectApp.swift */,
				639E9EAE2ACF36D20069DBF3 /* ContentView.swift */,
				638B31682ADAC1C600688D9B /* MainModule */,
				639E9EBB2ACF389A0069DBF3 /* EnterModule */,
				639E9EB02ACF36D30069DBF3 /* Assets.xcassets */,
				639E9EB22ACF36D30069DBF3 /* newProject.entitlements */,
				639E9EB32ACF36D30069DBF3 /* Preview Content */,
			);
			path = newProject;
			sourceTree = "<group>";
		};
		639E9EB32ACF36D30069DBF3 /* Preview Content */ = {
			isa = PBXGroup;
			children = (
				639E9EB42ACF36D30069DBF3 /* Preview Assets.xcassets */,
			);
			path = "Preview Content";
			sourceTree = "<group>";
		};
		639E9EBB2ACF389A0069DBF3 /* EnterModule */ = {
			isa = PBXGroup;
			children = (
				639E9EBC2ACF38B30069DBF3 /* EnterMainView.swift */,
				6331BCFA2ACF458C00C80B62 /* LoginView.swift */,
				6331BCFC2ACF459D00C80B62 /* RegistrationView.swift */,
				6310DC6F2AD2C40A00673527 /* LogInViewModel.swift */,
				63925FD42AD43C48002AF8E9 /* RegistrationViewModel.swift */,
				63925FD62AD47085002AF8E9 /* EnterModel.swift */,
				6310DC6C2AD298C700673527 /* Views */,
			);
			path = EnterModule;
			sourceTree = "<group>";
		};
/* End PBXGroup section */

/* Begin PBXNativeTarget section */
		639E9EA82ACF36D20069DBF3 /* newProject */ = {
			isa = PBXNativeTarget;
			buildConfigurationList = 639E9EB82ACF36D30069DBF3 /* Build configuration list for PBXNativeTarget "newProject" */;
			buildPhases = (
				639E9EA52ACF36D20069DBF3 /* Sources */,
				639E9EA62ACF36D20069DBF3 /* Frameworks */,
				639E9EA72ACF36D20069DBF3 /* Resources */,
			);
			buildRules = (
			);
			dependencies = (
			);
			name = newProject;
			productName = newProject;
			productReference = 639E9EA92ACF36D20069DBF3 /* newProject.app */;
			productType = "com.apple.product-type.application";
		};
/* End PBXNativeTarget section */

/* Begin PBXProject section */
		639E9EA12ACF36D20069DBF3 /* Project object */ = {
			isa = PBXProject;
			attributes = {
				BuildIndependentTargetsInParallel = 1;
				LastSwiftUpdateCheck = 1500;
				LastUpgradeCheck = 1500;
				TargetAttributes = {
					639E9EA82ACF36D20069DBF3 = {
						CreatedOnToolsVersion = 15.0;
					};
				};
			};
			buildConfigurationList = 639E9EA42ACF36D20069DBF3 /* Build configuration list for PBXProject "newProject" */;
			compatibilityVersion = "Xcode 14.0";
			developmentRegion = en;
			hasScannedForEncodings = 0;
			knownRegions = (
				en,
				Base,
			);
			mainGroup = 639E9EA02ACF36D20069DBF3;
			productRefGroup = 639E9EAA2ACF36D20069DBF3 /* Products */;
			projectDirPath = "";
			projectRoot = "";
			targets = (
				639E9EA82ACF36D20069DBF3 /* newProject */,
			);
		};
/* End PBXProject section */

/* Begin PBXResourcesBuildPhase section */
		639E9EA72ACF36D20069DBF3 /* Resources */ = {
			isa = PBXResourcesBuildPhase;
			buildActionMask = 2147483647;
			files = (
				639E9EB52ACF36D30069DBF3 /* Preview Assets.xcassets in Resources */,
				639E9EB12ACF36D30069DBF3 /* Assets.xcassets in Resources */,
			);
			runOnlyForDeploymentPostprocessing = 0;
		};
/* End PBXResourcesBuildPhase section */

/* Begin PBXSourcesBuildPhase section */
		639E9EA52ACF36D20069DBF3 /* Sources */ = {
			isa = PBXSourcesBuildPhase;
			buildActionMask = 2147483647;
			files = (
				6310DC702AD2C40A00673527 /* LogInViewModel.swift in Sources */,
				6355AD5E2ADD5E910043753B /* CompanyFullNameView.swift in Sources */,
				6355AD612ADD64C60043753B /* CompanyPositionView.swift in Sources */,
				63925FD52AD43C48002AF8E9 /* RegistrationViewModel.swift in Sources */,
				63925FD72AD47085002AF8E9 /* EnterModel.swift in Sources */,
				638B316A2ADAC1F500688D9B /* MainTabView.swift in Sources */,
				639E9EAF2ACF36D20069DBF3 /* ContentView.swift in Sources */,
				639E9EAD2ACF36D20069DBF3 /* newProjectApp.swift in Sources */,
				631161902AD4779E00F41E07 /* PasswordView.swift in Sources */,
				6331BCFB2ACF458C00C80B62 /* LoginView.swift in Sources */,
				6311618C2AD471D100F41E07 /* StudentFullNameView.swift in Sources */,
				6310DC722AD2D56200673527 /* LoginRoundedRectangleView.swift in Sources */,
				6311618E2AD475CF00F41E07 /* StudentPositionView.swift in Sources */,
				63925FD32AD4360C002AF8E9 /* RoleChose.swift in Sources */,
				639E9EBD2ACF38B30069DBF3 /* EnterMainView.swift in Sources */,
				63C432C62AD711340074F3C4 /* DropDownMenuView.swift in Sources */,
				6331BCFD2ACF459D00C80B62 /* RegistrationView.swift in Sources */,
				6310DC6E2AD298E600673527 /* CustomTextFieldView.swift in Sources */,
			);
			runOnlyForDeploymentPostprocessing = 0;
		};
/* End PBXSourcesBuildPhase section */

/* Begin XCBuildConfiguration section */
		639E9EB62ACF36D30069DBF3 /* Debug */ = {
			isa = XCBuildConfiguration;
			buildSettings = {
				ALWAYS_SEARCH_USER_PATHS = NO;
				ASSETCATALOG_COMPILER_GENERATE_SWIFT_ASSET_SYMBOL_EXTENSIONS = YES;
				CLANG_ANALYZER_NONNULL = YES;
				CLANG_ANALYZER_NUMBER_OBJECT_CONVERSION = YES_AGGRESSIVE;
				CLANG_CXX_LANGUAGE_STANDARD = "gnu++20";
				CLANG_ENABLE_MODULES = YES;
				CLANG_ENABLE_OBJC_ARC = YES;
				CLANG_ENABLE_OBJC_WEAK = YES;
				CLANG_WARN_BLOCK_CAPTURE_AUTORELEASING = YES;
				CLANG_WARN_BOOL_CONVERSION = YES;
				CLANG_WARN_COMMA = YES;
				CLANG_WARN_CONSTANT_CONVERSION = YES;
				CLANG_WARN_DEPRECATED_OBJC_IMPLEMENTATIONS = YES;
				CLANG_WARN_DIRECT_OBJC_ISA_USAGE = YES_ERROR;
				CLANG_WARN_DOCUMENTATION_COMMENTS = YES;
				CLANG_WARN_EMPTY_BODY = YES;
				CLANG_WARN_ENUM_CONVERSION = YES;
				CLANG_WARN_INFINITE_RECURSION = YES;
				CLANG_WARN_INT_CONVERSION = YES;
				CLANG_WARN_NON_LITERAL_NULL_CONVERSION = YES;
				CLANG_WARN_OBJC_IMPLICIT_RETAIN_SELF = YES;
				CLANG_WARN_OBJC_LITERAL_CONVERSION = YES;
				CLANG_WARN_OBJC_ROOT_CLASS = YES_ERROR;
				CLANG_WARN_QUOTED_INCLUDE_IN_FRAMEWORK_HEADER = YES;
				CLANG_WARN_RANGE_LOOP_ANALYSIS = YES;
				CLANG_WARN_STRICT_PROTOTYPES = YES;
				CLANG_WARN_SUSPICIOUS_MOVE = YES;
				CLANG_WARN_UNGUARDED_AVAILABILITY = YES_AGGRESSIVE;
				CLANG_WARN_UNREACHABLE_CODE = YES;
				CLANG_WARN__DUPLICATE_METHOD_MATCH = YES;
				COPY_PHASE_STRIP = NO;
				DEBUG_INFORMATION_FORMAT = dwarf;
				ENABLE_STRICT_OBJC_MSGSEND = YES;
				ENABLE_TESTABILITY = YES;
				ENABLE_USER_SCRIPT_SANDBOXING = YES;
				GCC_C_LANGUAGE_STANDARD = gnu17;
				GCC_DYNAMIC_NO_PIC = NO;
				GCC_NO_COMMON_BLOCKS = YES;
				GCC_OPTIMIZATION_LEVEL = 0;
				GCC_PREPROCESSOR_DEFINITIONS = (
					"DEBUG=1",
					"$(inherited)",
				);
				GCC_WARN_64_TO_32_BIT_CONVERSION = YES;
				GCC_WARN_ABOUT_RETURN_TYPE = YES_ERROR;
				GCC_WARN_UNDECLARED_SELECTOR = YES;
				GCC_WARN_UNINITIALIZED_AUTOS = YES_AGGRESSIVE;
				GCC_WARN_UNUSED_FUNCTION = YES;
				GCC_WARN_UNUSED_VARIABLE = YES;
				LOCALIZATION_PREFERS_STRING_CATALOGS = YES;
				MTL_ENABLE_DEBUG_INFO = INCLUDE_SOURCE;
				MTL_FAST_MATH = YES;
				ONLY_ACTIVE_ARCH = YES;
				SWIFT_ACTIVE_COMPILATION_CONDITIONS = "DEBUG $(inherited)";
				SWIFT_OPTIMIZATION_LEVEL = "-Onone";
			};
			name = Debug;
		};
		639E9EB72ACF36D30069DBF3 /* Release */ = {
			isa = XCBuildConfiguration;
			buildSettings = {
				ALWAYS_SEARCH_USER_PATHS = NO;
				ASSETCATALOG_COMPILER_GENERATE_SWIFT_ASSET_SYMBOL_EXTENSIONS = YES;
				CLANG_ANALYZER_NONNULL = YES;
				CLANG_ANALYZER_NUMBER_OBJECT_CONVERSION = YES_AGGRESSIVE;
				CLANG_CXX_LANGUAGE_STANDARD = "gnu++20";
				CLANG_ENABLE_MODULES = YES;
				CLANG_ENABLE_OBJC_ARC = YES;
				CLANG_ENABLE_OBJC_WEAK = YES;
				CLANG_WARN_BLOCK_CAPTURE_AUTORELEASING = YES;
				CLANG_WARN_BOOL_CONVERSION = YES;
				CLANG_WARN_COMMA = YES;
				CLANG_WARN_CONSTANT_CONVERSION = YES;
				CLANG_WARN_DEPRECATED_OBJC_IMPLEMENTATIONS = YES;
				CLANG_WARN_DIRECT_OBJC_ISA_USAGE = YES_ERROR;
				CLANG_WARN_DOCUMENTATION_COMMENTS = YES;
				CLANG_WARN_EMPTY_BODY = YES;
				CLANG_WARN_ENUM_CONVERSION = YES;
				CLANG_WARN_INFINITE_RECURSION = YES;
				CLANG_WARN_INT_CONVERSION = YES;
				CLANG_WARN_NON_LITERAL_NULL_CONVERSION = YES;
				CLANG_WARN_OBJC_IMPLICIT_RETAIN_SELF = YES;
				CLANG_WARN_OBJC_LITERAL_CONVERSION = YES;
				CLANG_WARN_OBJC_ROOT_CLASS = YES_ERROR;
				CLANG_WARN_QUOTED_INCLUDE_IN_FRAMEWORK_HEADER = YES;
				CLANG_WARN_RANGE_LOOP_ANALYSIS = YES;
				CLANG_WARN_STRICT_PROTOTYPES = YES;
				CLANG_WARN_SUSPICIOUS_MOVE = YES;
				CLANG_WARN_UNGUARDED_AVAILABILITY = YES_AGGRESSIVE;
				CLANG_WARN_UNREACHABLE_CODE = YES;
				CLANG_WARN__DUPLICATE_METHOD_MATCH = YES;
				COPY_PHASE_STRIP = NO;
				DEBUG_INFORMATION_FORMAT = "dwarf-with-dsym";
				ENABLE_NS_ASSERTIONS = NO;
				ENABLE_STRICT_OBJC_MSGSEND = YES;
				ENABLE_USER_SCRIPT_SANDBOXING = YES;
				GCC_C_LANGUAGE_STANDARD = gnu17;
				GCC_NO_COMMON_BLOCKS = YES;
				GCC_WARN_64_TO_32_BIT_CONVERSION = YES;
				GCC_WARN_ABOUT_RETURN_TYPE = YES_ERROR;
				GCC_WARN_UNDECLARED_SELECTOR = YES;
				GCC_WARN_UNINITIALIZED_AUTOS = YES_AGGRESSIVE;
				GCC_WARN_UNUSED_FUNCTION = YES;
				GCC_WARN_UNUSED_VARIABLE = YES;
				LOCALIZATION_PREFERS_STRING_CATALOGS = YES;
				MTL_ENABLE_DEBUG_INFO = NO;
				MTL_FAST_MATH = YES;
				SWIFT_COMPILATION_MODE = wholemodule;
			};
			name = Release;
		};
		639E9EB92ACF36D30069DBF3 /* Debug */ = {
			isa = XCBuildConfiguration;
			buildSettings = {
				ASSETCATALOG_COMPILER_APPICON_NAME = AppIcon;
				ASSETCATALOG_COMPILER_GLOBAL_ACCENT_COLOR_NAME = AccentColor;
				CODE_SIGN_ENTITLEMENTS = newProject/newProject.entitlements;
				CODE_SIGN_STYLE = Automatic;
				CURRENT_PROJECT_VERSION = 1;
				DEVELOPMENT_ASSET_PATHS = "\"newProject/Preview Content\"";
				DEVELOPMENT_TEAM = 944K4M9L9M;
				ENABLE_HARDENED_RUNTIME = YES;
				ENABLE_PREVIEWS = YES;
				GENERATE_INFOPLIST_FILE = YES;
				"INFOPLIST_KEY_UIApplicationSceneManifest_Generation[sdk=iphoneos*]" = YES;
				"INFOPLIST_KEY_UIApplicationSceneManifest_Generation[sdk=iphonesimulator*]" = YES;
				"INFOPLIST_KEY_UIApplicationSupportsIndirectInputEvents[sdk=iphoneos*]" = YES;
				"INFOPLIST_KEY_UIApplicationSupportsIndirectInputEvents[sdk=iphonesimulator*]" = YES;
				"INFOPLIST_KEY_UILaunchScreen_Generation[sdk=iphoneos*]" = YES;
				"INFOPLIST_KEY_UILaunchScreen_Generation[sdk=iphonesimulator*]" = YES;
				"INFOPLIST_KEY_UIStatusBarStyle[sdk=iphoneos*]" = UIStatusBarStyleDefault;
				"INFOPLIST_KEY_UIStatusBarStyle[sdk=iphonesimulator*]" = UIStatusBarStyleDefault;
				INFOPLIST_KEY_UISupportedInterfaceOrientations_iPad = "UIInterfaceOrientationPortrait UIInterfaceOrientationPortraitUpsideDown UIInterfaceOrientationLandscapeLeft UIInterfaceOrientationLandscapeRight";
				INFOPLIST_KEY_UISupportedInterfaceOrientations_iPhone = "UIInterfaceOrientationPortrait UIInterfaceOrientationLandscapeLeft UIInterfaceOrientationLandscapeRight";
				IPHONEOS_DEPLOYMENT_TARGET = 17.0;
				LD_RUNPATH_SEARCH_PATHS = "@executable_path/Frameworks";
				"LD_RUNPATH_SEARCH_PATHS[sdk=macosx*]" = "@executable_path/../Frameworks";
				MACOSX_DEPLOYMENT_TARGET = 14.0;
				MARKETING_VERSION = 1.0;
				PRODUCT_BUNDLE_IDENTIFIER = kpfu.newProject;
				PRODUCT_NAME = "$(TARGET_NAME)";
				SDKROOT = auto;
				SUPPORTED_PLATFORMS = "iphoneos iphonesimulator macosx";
				SWIFT_EMIT_LOC_STRINGS = YES;
				SWIFT_VERSION = 5.0;
				TARGETED_DEVICE_FAMILY = "1,2";
			};
			name = Debug;
		};
		639E9EBA2ACF36D30069DBF3 /* Release */ = {
			isa = XCBuildConfiguration;
			buildSettings = {
				ASSETCATALOG_COMPILER_APPICON_NAME = AppIcon;
				ASSETCATALOG_COMPILER_GLOBAL_ACCENT_COLOR_NAME = AccentColor;
				CODE_SIGN_ENTITLEMENTS = newProject/newProject.entitlements;
				CODE_SIGN_STYLE = Automatic;
				CURRENT_PROJECT_VERSION = 1;
				DEVELOPMENT_ASSET_PATHS = "\"newProject/Preview Content\"";
				DEVELOPMENT_TEAM = 944K4M9L9M;
				ENABLE_HARDENED_RUNTIME = YES;
				ENABLE_PREVIEWS = YES;
				GENERATE_INFOPLIST_FILE = YES;
				"INFOPLIST_KEY_UIApplicationSceneManifest_Generation[sdk=iphoneos*]" = YES;
				"INFOPLIST_KEY_UIApplicationSceneManifest_Generation[sdk=iphonesimulator*]" = YES;
				"INFOPLIST_KEY_UIApplicationSupportsIndirectInputEvents[sdk=iphoneos*]" = YES;
				"INFOPLIST_KEY_UIApplicationSupportsIndirectInputEvents[sdk=iphonesimulator*]" = YES;
				"INFOPLIST_KEY_UILaunchScreen_Generation[sdk=iphoneos*]" = YES;
				"INFOPLIST_KEY_UILaunchScreen_Generation[sdk=iphonesimulator*]" = YES;
				"INFOPLIST_KEY_UIStatusBarStyle[sdk=iphoneos*]" = UIStatusBarStyleDefault;
				"INFOPLIST_KEY_UIStatusBarStyle[sdk=iphonesimulator*]" = UIStatusBarStyleDefault;
				INFOPLIST_KEY_UISupportedInterfaceOrientations_iPad = "UIInterfaceOrientationPortrait UIInterfaceOrientationPortraitUpsideDown UIInterfaceOrientationLandscapeLeft UIInterfaceOrientationLandscapeRight";
				INFOPLIST_KEY_UISupportedInterfaceOrientations_iPhone = "UIInterfaceOrientationPortrait UIInterfaceOrientationLandscapeLeft UIInterfaceOrientationLandscapeRight";
				IPHONEOS_DEPLOYMENT_TARGET = 17.0;
				LD_RUNPATH_SEARCH_PATHS = "@executable_path/Frameworks";
				"LD_RUNPATH_SEARCH_PATHS[sdk=macosx*]" = "@executable_path/../Frameworks";
				MACOSX_DEPLOYMENT_TARGET = 14.0;
				MARKETING_VERSION = 1.0;
				PRODUCT_BUNDLE_IDENTIFIER = kpfu.newProject;
				PRODUCT_NAME = "$(TARGET_NAME)";
				SDKROOT = auto;
				SUPPORTED_PLATFORMS = "iphoneos iphonesimulator macosx";
				SWIFT_EMIT_LOC_STRINGS = YES;
				SWIFT_VERSION = 5.0;
				TARGETED_DEVICE_FAMILY = "1,2";
			};
			name = Release;
		};
/* End XCBuildConfiguration section */

/* Begin XCConfigurationList section */
		639E9EA42ACF36D20069DBF3 /* Build configuration list for PBXProject "newProject" */ = {
			isa = XCConfigurationList;
			buildConfigurations = (
				639E9EB62ACF36D30069DBF3 /* Debug */,
				639E9EB72ACF36D30069DBF3 /* Release */,
			);
			defaultConfigurationIsVisible = 0;
			defaultConfigurationName = Release;
		};
		639E9EB82ACF36D30069DBF3 /* Build configuration list for PBXNativeTarget "newProject" */ = {
			isa = XCConfigurationList;
			buildConfigurations = (
				639E9EB92ACF36D30069DBF3 /* Debug */,
				639E9EBA2ACF36D30069DBF3 /* Release */,
			);
			defaultConfigurationIsVisible = 0;
			defaultConfigurationName = Release;
		};
/* End XCConfigurationList section */
	};
	rootObject = 639E9EA12ACF36D20069DBF3 /* Project object */;
}
